// !$*UTF8*$!
{
	archiveVersion = 1;
	classes = {
	};
	objectVersion = 46;
	objects = {

/* Begin PBXBuildFile section */
		F83D5E161AF4A59600E6646D /* main.m in Sources */ = {isa = PBXBuildFile; fileRef = F83D5E151AF4A59600E6646D /* main.m */; };
		F83D5E191AF4A59600E6646D /* AppDelegate.m in Sources */ = {isa = PBXBuildFile; fileRef = F83D5E181AF4A59600E6646D /* AppDelegate.m */; };
		F83D5E1C1AF4A59600E6646D /* ViewController.m in Sources */ = {isa = PBXBuildFile; fileRef = F83D5E1B1AF4A59600E6646D /* ViewController.m */; };
		F83D5E1F1AF4A59600E6646D /* Main.storyboard in Resources */ = {isa = PBXBuildFile; fileRef = F83D5E1D1AF4A59600E6646D /* Main.storyboard */; };
		F83D5E211AF4A59600E6646D /* Images.xcassets in Resources */ = {isa = PBXBuildFile; fileRef = F83D5E201AF4A59600E6646D /* Images.xcassets */; };
		F83D5E241AF4A59600E6646D /* LaunchScreen.xib in Resources */ = {isa = PBXBuildFile; fileRef = F83D5E221AF4A59600E6646D /* LaunchScreen.xib */; };
		F83D5E301AF4A59600E6646D /* XZNetworkingTests.m in Sources */ = {isa = PBXBuildFile; fileRef = F83D5E2F1AF4A59600E6646D /* XZNetworkingTests.m */; };
		F83D5E7A1AF4A70C00E6646D /* Images-2.xcassets in Resources */ = {isa = PBXBuildFile; fileRef = F83D5E791AF4A70C00E6646D /* Images-2.xcassets */; };
		F83D5EBC1AF4A79300E6646D /* UIKit.framework in Frameworks */ = {isa = PBXBuildFile; fileRef = F83D5EBB1AF4A79300E6646D /* UIKit.framework */; };
		F83D5EBE1AF4A7A200E6646D /* CoreGraphics.framework in Frameworks */ = {isa = PBXBuildFile; fileRef = F83D5EBD1AF4A7A200E6646D /* CoreGraphics.framework */; };
		F83D5EC01AF4A7AD00E6646D /* Foundation.framework in Frameworks */ = {isa = PBXBuildFile; fileRef = F83D5EBF1AF4A7AD00E6646D /* Foundation.framework */; };
		F84B63BD1AFCA02B008FE163 /* XZDeviceInfo.m in Sources */ = {isa = PBXBuildFile; fileRef = F84B637B1AFCA02B008FE163 /* XZDeviceInfo.m */; };
		F84B63BE1AFCA02B008FE163 /* XZKeychain.m in Sources */ = {isa = PBXBuildFile; fileRef = F84B637D1AFCA02B008FE163 /* XZKeychain.m */; };
		F84B63BF1AFCA02B008FE163 /* XZNetCommonParamsGenerator.m in Sources */ = {isa = PBXBuildFile; fileRef = F84B637F1AFCA02B008FE163 /* XZNetCommonParamsGenerator.m */; };
		F84B63C01AFCA02B008FE163 /* XZUDIDGenerator.m in Sources */ = {isa = PBXBuildFile; fileRef = F84B63811AFCA02B008FE163 /* XZUDIDGenerator.m */; };
		F84B63C11AFCA02B008FE163 /* NSArray+XZNetMethod.m in Sources */ = {isa = PBXBuildFile; fileRef = F84B63841AFCA02B008FE163 /* NSArray+XZNetMethod.m */; };
		F84B63C21AFCA02B008FE163 /* NSDictionary+XZNetMethod.m in Sources */ = {isa = PBXBuildFile; fileRef = F84B63861AFCA02B008FE163 /* NSDictionary+XZNetMethod.m */; };
		F84B63C31AFCA02B008FE163 /* NSMutableString+XZNetMethod.m in Sources */ = {isa = PBXBuildFile; fileRef = F84B63881AFCA02B008FE163 /* NSMutableString+XZNetMethod.m */; };
		F84B63C41AFCA02B008FE163 /* NSObject+XZNetMethod.m in Sources */ = {isa = PBXBuildFile; fileRef = F84B638A1AFCA02B008FE163 /* NSObject+XZNetMethod.m */; };
		F84B63C51AFCA02B008FE163 /* NSString+MD5Addition.m in Sources */ = {isa = PBXBuildFile; fileRef = F84B638C1AFCA02B008FE163 /* NSString+MD5Addition.m */; };
		F84B63C61AFCA02B008FE163 /* NSString+XZNetMethod.m in Sources */ = {isa = PBXBuildFile; fileRef = F84B638E1AFCA02B008FE163 /* NSString+XZNetMethod.m */; };
		F84B63C71AFCA02B008FE163 /* NSURLRequest+XZNetMethod.m in Sources */ = {isa = PBXBuildFile; fileRef = F84B63901AFCA02B008FE163 /* NSURLRequest+XZNetMethod.m */; };
		F84B63C81AFCA02B008FE163 /* UIDevice+XZIdentifierAddition.m in Sources */ = {isa = PBXBuildFile; fileRef = F84B63921AFCA02B008FE163 /* UIDevice+XZIdentifierAddition.m */; };
		F84B63C91AFCA02B008FE163 /* XZRequestResponse+XZNetMethod.m in Sources */ = {isa = PBXBuildFile; fileRef = F84B63941AFCA02B008FE163 /* XZRequestResponse+XZNetMethod.m */; };
		F84B63CA1AFCA02B008FE163 /* XZAppContext.m in Sources */ = {isa = PBXBuildFile; fileRef = F84B63971AFCA02B008FE163 /* XZAppContext.m */; };
		F84B63CB1AFCA02B008FE163 /* XZNetDebug.m in Sources */ = {isa = PBXBuildFile; fileRef = F84B639A1AFCA02B008FE163 /* XZNetDebug.m */; };
		F84B63CC1AFCA02B008FE163 /* XZMusicForBaidu.m in Sources */ = {isa = PBXBuildFile; fileRef = F84B639D1AFCA02B008FE163 /* XZMusicForBaidu.m */; };
		F84B63CD1AFCA02B008FE163 /* XZMusicForBaidu2.m in Sources */ = {isa = PBXBuildFile; fileRef = F84B639F1AFCA02B008FE163 /* XZMusicForBaidu2.m */; };
		F84B63CE1AFCA02B008FE163 /* XZMusicForWeibo.m in Sources */ = {isa = PBXBuildFile; fileRef = F84B63A11AFCA02B008FE163 /* XZMusicForWeibo.m */; };
		F84B63CF1AFCA02B008FE163 /* XZApiManager.m in Sources */ = {isa = PBXBuildFile; fileRef = F84B63A31AFCA02B008FE163 /* XZApiManager.m */; };
		F84B63D01AFCA02B008FE163 /* XZMusicForBaiduGet.m in Sources */ = {isa = PBXBuildFile; fileRef = F84B63A71AFCA02B008FE163 /* XZMusicForBaiduGet.m */; };
		F84B63D11AFCA02B008FE163 /* XZMusicForBroker.m in Sources */ = {isa = PBXBuildFile; fileRef = F84B63A91AFCA02B008FE163 /* XZMusicForBroker.m */; };
		F84B63D21AFCA02B008FE163 /* XZMusicForBrokerPost.m in Sources */ = {isa = PBXBuildFile; fileRef = F84B63AB1AFCA02B008FE163 /* XZMusicForBrokerPost.m */; };
		F84B63D31AFCA02B008FE163 /* XZMusicForBrokerRest.m in Sources */ = {isa = PBXBuildFile; fileRef = F84B63AD1AFCA02B008FE163 /* XZMusicForBrokerRest.m */; };
		F84B63D41AFCA02B008FE163 /* XZNetService.m in Sources */ = {isa = PBXBuildFile; fileRef = F84B63AF1AFCA02B008FE163 /* XZNetService.m */; };
		F84B63D51AFCA02B008FE163 /* XZNetServiceFactory.m in Sources */ = {isa = PBXBuildFile; fileRef = F84B63B11AFCA02B008FE163 /* XZNetServiceFactory.m */; };
		F84B63D61AFCA02B008FE163 /* XZRequestGenerator.m in Sources */ = {isa = PBXBuildFile; fileRef = F84B63B41AFCA02B008FE163 /* XZRequestGenerator.m */; };
		F84B63D71AFCA02B008FE163 /* XZRequestManager.m in Sources */ = {isa = PBXBuildFile; fileRef = F84B63B61AFCA02B008FE163 /* XZRequestManager.m */; };
		F84B63D81AFCA02B008FE163 /* XZRequestResponse.m in Sources */ = {isa = PBXBuildFile; fileRef = F84B63B91AFCA02B008FE163 /* XZRequestResponse.m */; };
		F84B63D91AFCA02B008FE163 /* XZSignatureGenerator.m in Sources */ = {isa = PBXBuildFile; fileRef = F84B63BC1AFCA02B008FE163 /* XZSignatureGenerator.m */; };
		FC199820A2F9E95C6B528FB1 /* libPods.a in Frameworks */ = {isa = PBXBuildFile; fileRef = 1B3DC42755C0BB7AC587273F /* libPods.a */; };
/* End PBXBuildFile section */

/* Begin PBXContainerItemProxy section */
		F83D5E2A1AF4A59600E6646D /* PBXContainerItemProxy */ = {
			isa = PBXContainerItemProxy;
			containerPortal = F83D5E081AF4A59600E6646D /* Project object */;
			proxyType = 1;
			remoteGlobalIDString = F83D5E0F1AF4A59600E6646D;
			remoteInfo = XZNetworking;
		};
/* End PBXContainerItemProxy section */

/* Begin PBXFileReference section */
		1B3DC42755C0BB7AC587273F /* libPods.a */ = {isa = PBXFileReference; explicitFileType = archive.ar; includeInIndex = 0; path = libPods.a; sourceTree = BUILT_PRODUCTS_DIR; };
		1C463987A967009CA7C01E8E /* Pods.debug.xcconfig */ = {isa = PBXFileReference; includeInIndex = 1; lastKnownFileType = text.xcconfig; name = Pods.debug.xcconfig; path = "Pods/Target Support Files/Pods/Pods.debug.xcconfig"; sourceTree = "<group>"; };
		6C5230D1CBCEA8C73F848235 /* Pods.release.xcconfig */ = {isa = PBXFileReference; includeInIndex = 1; lastKnownFileType = text.xcconfig; name = Pods.release.xcconfig; path = "Pods/Target Support Files/Pods/Pods.release.xcconfig"; sourceTree = "<group>"; };
		F83D5E101AF4A59600E6646D /* XZNetworking.app */ = {isa = PBXFileReference; explicitFileType = wrapper.application; includeInIndex = 0; path = XZNetworking.app; sourceTree = BUILT_PRODUCTS_DIR; };
		F83D5E141AF4A59600E6646D /* Info.plist */ = {isa = PBXFileReference; lastKnownFileType = text.plist.xml; path = Info.plist; sourceTree = "<group>"; };
		F83D5E151AF4A59600E6646D /* main.m */ = {isa = PBXFileReference; lastKnownFileType = sourcecode.c.objc; path = main.m; sourceTree = "<group>"; };
		F83D5E171AF4A59600E6646D /* AppDelegate.h */ = {isa = PBXFileReference; lastKnownFileType = sourcecode.c.h; path = AppDelegate.h; sourceTree = "<group>"; };
		F83D5E181AF4A59600E6646D /* AppDelegate.m */ = {isa = PBXFileReference; lastKnownFileType = sourcecode.c.objc; path = AppDelegate.m; sourceTree = "<group>"; };
		F83D5E1A1AF4A59600E6646D /* ViewController.h */ = {isa = PBXFileReference; lastKnownFileType = sourcecode.c.h; path = ViewController.h; sourceTree = "<group>"; };
		F83D5E1B1AF4A59600E6646D /* ViewController.m */ = {isa = PBXFileReference; lastKnownFileType = sourcecode.c.objc; path = ViewController.m; sourceTree = "<group>"; };
		F83D5E1E1AF4A59600E6646D /* Base */ = {isa = PBXFileReference; lastKnownFileType = file.storyboard; name = Base; path = Base.lproj/Main.storyboard; sourceTree = "<group>"; };
		F83D5E201AF4A59600E6646D /* Images.xcassets */ = {isa = PBXFileReference; lastKnownFileType = folder.assetcatalog; path = Images.xcassets; sourceTree = "<group>"; };
		F83D5E231AF4A59600E6646D /* Base */ = {isa = PBXFileReference; lastKnownFileType = file.xib; name = Base; path = Base.lproj/LaunchScreen.xib; sourceTree = "<group>"; };
		F83D5E291AF4A59600E6646D /* XZNetworkingTests.xctest */ = {isa = PBXFileReference; explicitFileType = wrapper.cfbundle; includeInIndex = 0; path = XZNetworkingTests.xctest; sourceTree = BUILT_PRODUCTS_DIR; };
		F83D5E2E1AF4A59600E6646D /* Info.plist */ = {isa = PBXFileReference; lastKnownFileType = text.plist.xml; path = Info.plist; sourceTree = "<group>"; };
		F83D5E2F1AF4A59600E6646D /* XZNetworkingTests.m */ = {isa = PBXFileReference; lastKnownFileType = sourcecode.c.objc; path = XZNetworkingTests.m; sourceTree = "<group>"; };
		F83D5E791AF4A70C00E6646D /* Images-2.xcassets */ = {isa = PBXFileReference; lastKnownFileType = folder.assetcatalog; path = "Images-2.xcassets"; sourceTree = "<group>"; };
		F83D5EBB1AF4A79300E6646D /* UIKit.framework */ = {isa = PBXFileReference; lastKnownFileType = wrapper.framework; name = UIKit.framework; path = System/Library/Frameworks/UIKit.framework; sourceTree = SDKROOT; };
		F83D5EBD1AF4A7A200E6646D /* CoreGraphics.framework */ = {isa = PBXFileReference; lastKnownFileType = wrapper.framework; name = CoreGraphics.framework; path = System/Library/Frameworks/CoreGraphics.framework; sourceTree = SDKROOT; };
		F83D5EBF1AF4A7AD00E6646D /* Foundation.framework */ = {isa = PBXFileReference; lastKnownFileType = wrapper.framework; name = Foundation.framework; path = System/Library/Frameworks/Foundation.framework; sourceTree = SDKROOT; };
		F84B637A1AFCA02B008FE163 /* XZDeviceInfo.h */ = {isa = PBXFileReference; fileEncoding = 4; lastKnownFileType = sourcecode.c.h; path = XZDeviceInfo.h; sourceTree = "<group>"; };
		F84B637B1AFCA02B008FE163 /* XZDeviceInfo.m */ = {isa = PBXFileReference; fileEncoding = 4; lastKnownFileType = sourcecode.c.objc; path = XZDeviceInfo.m; sourceTree = "<group>"; };
		F84B637C1AFCA02B008FE163 /* XZKeychain.h */ = {isa = PBXFileReference; fileEncoding = 4; lastKnownFileType = sourcecode.c.h; path = XZKeychain.h; sourceTree = "<group>"; };
		F84B637D1AFCA02B008FE163 /* XZKeychain.m */ = {isa = PBXFileReference; fileEncoding = 4; lastKnownFileType = sourcecode.c.objc; path = XZKeychain.m; sourceTree = "<group>"; };
		F84B637E1AFCA02B008FE163 /* XZNetCommonParamsGenerator.h */ = {isa = PBXFileReference; fileEncoding = 4; lastKnownFileType = sourcecode.c.h; path = XZNetCommonParamsGenerator.h; sourceTree = "<group>"; };
		F84B637F1AFCA02B008FE163 /* XZNetCommonParamsGenerator.m */ = {isa = PBXFileReference; fileEncoding = 4; lastKnownFileType = sourcecode.c.objc; path = XZNetCommonParamsGenerator.m; sourceTree = "<group>"; };
		F84B63801AFCA02B008FE163 /* XZUDIDGenerator.h */ = {isa = PBXFileReference; fileEncoding = 4; lastKnownFileType = sourcecode.c.h; path = XZUDIDGenerator.h; sourceTree = "<group>"; };
		F84B63811AFCA02B008FE163 /* XZUDIDGenerator.m */ = {isa = PBXFileReference; fileEncoding = 4; lastKnownFileType = sourcecode.c.objc; path = XZUDIDGenerator.m; sourceTree = "<group>"; };
		F84B63831AFCA02B008FE163 /* NSArray+XZNetMethod.h */ = {isa = PBXFileReference; fileEncoding = 4; lastKnownFileType = sourcecode.c.h; path = "NSArray+XZNetMethod.h"; sourceTree = "<group>"; };
		F84B63841AFCA02B008FE163 /* NSArray+XZNetMethod.m */ = {isa = PBXFileReference; fileEncoding = 4; lastKnownFileType = sourcecode.c.objc; path = "NSArray+XZNetMethod.m"; sourceTree = "<group>"; };
		F84B63851AFCA02B008FE163 /* NSDictionary+XZNetMethod.h */ = {isa = PBXFileReference; fileEncoding = 4; lastKnownFileType = sourcecode.c.h; path = "NSDictionary+XZNetMethod.h"; sourceTree = "<group>"; };
		F84B63861AFCA02B008FE163 /* NSDictionary+XZNetMethod.m */ = {isa = PBXFileReference; fileEncoding = 4; lastKnownFileType = sourcecode.c.objc; path = "NSDictionary+XZNetMethod.m"; sourceTree = "<group>"; };
		F84B63871AFCA02B008FE163 /* NSMutableString+XZNetMethod.h */ = {isa = PBXFileReference; fileEncoding = 4; lastKnownFileType = sourcecode.c.h; path = "NSMutableString+XZNetMethod.h"; sourceTree = "<group>"; };
		F84B63881AFCA02B008FE163 /* NSMutableString+XZNetMethod.m */ = {isa = PBXFileReference; fileEncoding = 4; lastKnownFileType = sourcecode.c.objc; path = "NSMutableString+XZNetMethod.m"; sourceTree = "<group>"; };
		F84B63891AFCA02B008FE163 /* NSObject+XZNetMethod.h */ = {isa = PBXFileReference; fileEncoding = 4; lastKnownFileType = sourcecode.c.h; path = "NSObject+XZNetMethod.h"; sourceTree = "<group>"; };
		F84B638A1AFCA02B008FE163 /* NSObject+XZNetMethod.m */ = {isa = PBXFileReference; fileEncoding = 4; lastKnownFileType = sourcecode.c.objc; path = "NSObject+XZNetMethod.m"; sourceTree = "<group>"; };
		F84B638B1AFCA02B008FE163 /* NSString+MD5Addition.h */ = {isa = PBXFileReference; fileEncoding = 4; lastKnownFileType = sourcecode.c.h; path = "NSString+MD5Addition.h"; sourceTree = "<group>"; };
		F84B638C1AFCA02B008FE163 /* NSString+MD5Addition.m */ = {isa = PBXFileReference; fileEncoding = 4; lastKnownFileType = sourcecode.c.objc; path = "NSString+MD5Addition.m"; sourceTree = "<group>"; };
		F84B638D1AFCA02B008FE163 /* NSString+XZNetMethod.h */ = {isa = PBXFileReference; fileEncoding = 4; lastKnownFileType = sourcecode.c.h; path = "NSString+XZNetMethod.h"; sourceTree = "<group>"; };
		F84B638E1AFCA02B008FE163 /* NSString+XZNetMethod.m */ = {isa = PBXFileReference; fileEncoding = 4; lastKnownFileType = sourcecode.c.objc; path = "NSString+XZNetMethod.m"; sourceTree = "<group>"; };
		F84B638F1AFCA02B008FE163 /* NSURLRequest+XZNetMethod.h */ = {isa = PBXFileReference; fileEncoding = 4; lastKnownFileType = sourcecode.c.h; path = "NSURLRequest+XZNetMethod.h"; sourceTree = "<group>"; };
		F84B63901AFCA02B008FE163 /* NSURLRequest+XZNetMethod.m */ = {isa = PBXFileReference; fileEncoding = 4; lastKnownFileType = sourcecode.c.objc; path = "NSURLRequest+XZNetMethod.m"; sourceTree = "<group>"; };
		F84B63911AFCA02B008FE163 /* UIDevice+XZIdentifierAddition.h */ = {isa = PBXFileReference; fileEncoding = 4; lastKnownFileType = sourcecode.c.h; path = "UIDevice+XZIdentifierAddition.h"; sourceTree = "<group>"; };
		F84B63921AFCA02B008FE163 /* UIDevice+XZIdentifierAddition.m */ = {isa = PBXFileReference; fileEncoding = 4; lastKnownFileType = sourcecode.c.objc; path = "UIDevice+XZIdentifierAddition.m"; sourceTree = "<group>"; };
		F84B63931AFCA02B008FE163 /* XZRequestResponse+XZNetMethod.h */ = {isa = PBXFileReference; fileEncoding = 4; lastKnownFileType = sourcecode.c.h; path = "XZRequestResponse+XZNetMethod.h"; sourceTree = "<group>"; };
		F84B63941AFCA02B008FE163 /* XZRequestResponse+XZNetMethod.m */ = {isa = PBXFileReference; fileEncoding = 4; lastKnownFileType = sourcecode.c.objc; path = "XZRequestResponse+XZNetMethod.m"; sourceTree = "<group>"; };
		F84B63961AFCA02B008FE163 /* XZAppContext.h */ = {isa = PBXFileReference; fileEncoding = 4; lastKnownFileType = sourcecode.c.h; path = XZAppContext.h; sourceTree = "<group>"; };
		F84B63971AFCA02B008FE163 /* XZAppContext.m */ = {isa = PBXFileReference; fileEncoding = 4; lastKnownFileType = sourcecode.c.objc; path = XZAppContext.m; sourceTree = "<group>"; };
		F84B63991AFCA02B008FE163 /* XZNetDebug.h */ = {isa = PBXFileReference; fileEncoding = 4; lastKnownFileType = sourcecode.c.h; path = XZNetDebug.h; sourceTree = "<group>"; };
		F84B639A1AFCA02B008FE163 /* XZNetDebug.m */ = {isa = PBXFileReference; fileEncoding = 4; lastKnownFileType = sourcecode.c.objc; path = XZNetDebug.m; sourceTree = "<group>"; };
		F84B639C1AFCA02B008FE163 /* XZMusicForBaidu.h */ = {isa = PBXFileReference; fileEncoding = 4; lastKnownFileType = sourcecode.c.h; path = XZMusicForBaidu.h; sourceTree = "<group>"; };
		F84B639D1AFCA02B008FE163 /* XZMusicForBaidu.m */ = {isa = PBXFileReference; fileEncoding = 4; lastKnownFileType = sourcecode.c.objc; path = XZMusicForBaidu.m; sourceTree = "<group>"; };
		F84B639E1AFCA02B008FE163 /* XZMusicForBaidu2.h */ = {isa = PBXFileReference; fileEncoding = 4; lastKnownFileType = sourcecode.c.h; path = XZMusicForBaidu2.h; sourceTree = "<group>"; };
		F84B639F1AFCA02B008FE163 /* XZMusicForBaidu2.m */ = {isa = PBXFileReference; fileEncoding = 4; lastKnownFileType = sourcecode.c.objc; path = XZMusicForBaidu2.m; sourceTree = "<group>"; };
		F84B63A01AFCA02B008FE163 /* XZMusicForWeibo.h */ = {isa = PBXFileReference; fileEncoding = 4; lastKnownFileType = sourcecode.c.h; path = XZMusicForWeibo.h; sourceTree = "<group>"; };
		F84B63A11AFCA02B008FE163 /* XZMusicForWeibo.m */ = {isa = PBXFileReference; fileEncoding = 4; lastKnownFileType = sourcecode.c.objc; path = XZMusicForWeibo.m; sourceTree = "<group>"; };
		F84B63A21AFCA02B008FE163 /* XZApiManager.h */ = {isa = PBXFileReference; fileEncoding = 4; lastKnownFileType = sourcecode.c.h; path = XZApiManager.h; sourceTree = "<group>"; };
		F84B63A31AFCA02B008FE163 /* XZApiManager.m */ = {isa = PBXFileReference; fileEncoding = 4; lastKnownFileType = sourcecode.c.objc; path = XZApiManager.m; sourceTree = "<group>"; };
		F84B63A61AFCA02B008FE163 /* XZMusicForBaiduGet.h */ = {isa = PBXFileReference; fileEncoding = 4; lastKnownFileType = sourcecode.c.h; path = XZMusicForBaiduGet.h; sourceTree = "<group>"; };
		F84B63A71AFCA02B008FE163 /* XZMusicForBaiduGet.m */ = {isa = PBXFileReference; fileEncoding = 4; lastKnownFileType = sourcecode.c.objc; path = XZMusicForBaiduGet.m; sourceTree = "<group>"; };
		F84B63A81AFCA02B008FE163 /* XZMusicForBroker.h */ = {isa = PBXFileReference; fileEncoding = 4; lastKnownFileType = sourcecode.c.h; path = XZMusicForBroker.h; sourceTree = "<group>"; };
		F84B63A91AFCA02B008FE163 /* XZMusicForBroker.m */ = {isa = PBXFileReference; fileEncoding = 4; lastKnownFileType = sourcecode.c.objc; path = XZMusicForBroker.m; sourceTree = "<group>"; };
		F84B63AA1AFCA02B008FE163 /* XZMusicForBrokerPost.h */ = {isa = PBXFileReference; fileEncoding = 4; lastKnownFileType = sourcecode.c.h; path = XZMusicForBrokerPost.h; sourceTree = "<group>"; };
		F84B63AB1AFCA02B008FE163 /* XZMusicForBrokerPost.m */ = {isa = PBXFileReference; fileEncoding = 4; lastKnownFileType = sourcecode.c.objc; path = XZMusicForBrokerPost.m; sourceTree = "<group>"; };
		F84B63AC1AFCA02B008FE163 /* XZMusicForBrokerRest.h */ = {isa = PBXFileReference; fileEncoding = 4; lastKnownFileType = sourcecode.c.h; path = XZMusicForBrokerRest.h; sourceTree = "<group>"; };
		F84B63AD1AFCA02B008FE163 /* XZMusicForBrokerRest.m */ = {isa = PBXFileReference; fileEncoding = 4; lastKnownFileType = sourcecode.c.objc; path = XZMusicForBrokerRest.m; sourceTree = "<group>"; };
		F84B63AE1AFCA02B008FE163 /* XZNetService.h */ = {isa = PBXFileReference; fileEncoding = 4; lastKnownFileType = sourcecode.c.h; path = XZNetService.h; sourceTree = "<group>"; };
		F84B63AF1AFCA02B008FE163 /* XZNetService.m */ = {isa = PBXFileReference; fileEncoding = 4; lastKnownFileType = sourcecode.c.objc; path = XZNetService.m; sourceTree = "<group>"; };
		F84B63B01AFCA02B008FE163 /* XZNetServiceFactory.h */ = {isa = PBXFileReference; fileEncoding = 4; lastKnownFileType = sourcecode.c.h; path = XZNetServiceFactory.h; sourceTree = "<group>"; };
		F84B63B11AFCA02B008FE163 /* XZNetServiceFactory.m */ = {isa = PBXFileReference; fileEncoding = 4; lastKnownFileType = sourcecode.c.objc; path = XZNetServiceFactory.m; sourceTree = "<group>"; };
		F84B63B21AFCA02B008FE163 /* XZNetWorkingHeader.h */ = {isa = PBXFileReference; fileEncoding = 4; lastKnownFileType = sourcecode.c.h; path = XZNetWorkingHeader.h; sourceTree = "<group>"; };
		F84B63B31AFCA02B008FE163 /* XZRequestGenerator.h */ = {isa = PBXFileReference; fileEncoding = 4; lastKnownFileType = sourcecode.c.h; path = XZRequestGenerator.h; sourceTree = "<group>"; };
		F84B63B41AFCA02B008FE163 /* XZRequestGenerator.m */ = {isa = PBXFileReference; fileEncoding = 4; lastKnownFileType = sourcecode.c.objc; path = XZRequestGenerator.m; sourceTree = "<group>"; };
		F84B63B51AFCA02B008FE163 /* XZRequestManager.h */ = {isa = PBXFileReference; fileEncoding = 4; lastKnownFileType = sourcecode.c.h; path = XZRequestManager.h; sourceTree = "<group>"; };
		F84B63B61AFCA02B008FE163 /* XZRequestManager.m */ = {isa = PBXFileReference; fileEncoding = 4; lastKnownFileType = sourcecode.c.objc; path = XZRequestManager.m; sourceTree = "<group>"; };
		F84B63B81AFCA02B008FE163 /* XZRequestResponse.h */ = {isa = PBXFileReference; fileEncoding = 4; lastKnownFileType = sourcecode.c.h; path = XZRequestResponse.h; sourceTree = "<group>"; };
		F84B63B91AFCA02B008FE163 /* XZRequestResponse.m */ = {isa = PBXFileReference; fileEncoding = 4; lastKnownFileType = sourcecode.c.objc; path = XZRequestResponse.m; sourceTree = "<group>"; };
		F84B63BB1AFCA02B008FE163 /* XZSignatureGenerator.h */ = {isa = PBXFileReference; fileEncoding = 4; lastKnownFileType = sourcecode.c.h; path = XZSignatureGenerator.h; sourceTree = "<group>"; };
		F84B63BC1AFCA02B008FE163 /* XZSignatureGenerator.m */ = {isa = PBXFileReference; fileEncoding = 4; lastKnownFileType = sourcecode.c.objc; path = XZSignatureGenerator.m; sourceTree = "<group>"; };
/* End PBXFileReference section */

/* Begin PBXFrameworksBuildPhase section */
		F83D5E0D1AF4A59600E6646D /* Frameworks */ = {
			isa = PBXFrameworksBuildPhase;
			buildActionMask = 2147483647;
			files = (
				F83D5EC01AF4A7AD00E6646D /* Foundation.framework in Frameworks */,
				F83D5EBE1AF4A7A200E6646D /* CoreGraphics.framework in Frameworks */,
				F83D5EBC1AF4A79300E6646D /* UIKit.framework in Frameworks */,
				FC199820A2F9E95C6B528FB1 /* libPods.a in Frameworks */,
			);
			runOnlyForDeploymentPostprocessing = 0;
		};
		F83D5E261AF4A59600E6646D /* Frameworks */ = {
			isa = PBXFrameworksBuildPhase;
			buildActionMask = 2147483647;
			files = (
			);
			runOnlyForDeploymentPostprocessing = 0;
		};
/* End PBXFrameworksBuildPhase section */

/* Begin PBXGroup section */
		1194E970C2632324A728C6DE /* Frameworks */ = {
			isa = PBXGroup;
			children = (
				F83D5EBF1AF4A7AD00E6646D /* Foundation.framework */,
				F83D5EBD1AF4A7A200E6646D /* CoreGraphics.framework */,
				F83D5EBB1AF4A79300E6646D /* UIKit.framework */,
				1B3DC42755C0BB7AC587273F /* libPods.a */,
			);
			name = Frameworks;
			sourceTree = "<group>";
		};
		39C55EC639C2F140E43764DF /* Pods */ = {
			isa = PBXGroup;
			children = (
				1C463987A967009CA7C01E8E /* Pods.debug.xcconfig */,
				6C5230D1CBCEA8C73F848235 /* Pods.release.xcconfig */,
			);
			name = Pods;
			sourceTree = "<group>";
		};
		F83D5E071AF4A59600E6646D = {
			isa = PBXGroup;
			children = (
				F83D5E121AF4A59600E6646D /* XZNetworking */,
				F83D5E2C1AF4A59600E6646D /* XZNetworkingTests */,
				F83D5E111AF4A59600E6646D /* Products */,
				39C55EC639C2F140E43764DF /* Pods */,
				1194E970C2632324A728C6DE /* Frameworks */,
			);
			sourceTree = "<group>";
		};
		F83D5E111AF4A59600E6646D /* Products */ = {
			isa = PBXGroup;
			children = (
				F83D5E101AF4A59600E6646D /* XZNetworking.app */,
				F83D5E291AF4A59600E6646D /* XZNetworkingTests.xctest */,
			);
			name = Products;
			sourceTree = "<group>";
		};
		F83D5E121AF4A59600E6646D /* XZNetworking */ = {
			isa = PBXGroup;
			children = (
				F84B63781AFCA02B008FE163 /* XZNetwork */,
				F83D5E171AF4A59600E6646D /* AppDelegate.h */,
				F83D5E181AF4A59600E6646D /* AppDelegate.m */,
				F83D5E1A1AF4A59600E6646D /* ViewController.h */,
				F83D5E1B1AF4A59600E6646D /* ViewController.m */,
				F83D5E1D1AF4A59600E6646D /* Main.storyboard */,
				F83D5E201AF4A59600E6646D /* Images.xcassets */,
				F83D5E221AF4A59600E6646D /* LaunchScreen.xib */,
				F83D5E791AF4A70C00E6646D /* Images-2.xcassets */,
				F83D5E131AF4A59600E6646D /* Supporting Files */,
			);
			path = XZNetworking;
			sourceTree = "<group>";
		};
		F83D5E131AF4A59600E6646D /* Supporting Files */ = {
			isa = PBXGroup;
			children = (
				F83D5E141AF4A59600E6646D /* Info.plist */,
				F83D5E151AF4A59600E6646D /* main.m */,
			);
			name = "Supporting Files";
			sourceTree = "<group>";
		};
		F83D5E2C1AF4A59600E6646D /* XZNetworkingTests */ = {
			isa = PBXGroup;
			children = (
				F83D5E2F1AF4A59600E6646D /* XZNetworkingTests.m */,
				F83D5E2D1AF4A59600E6646D /* Supporting Files */,
			);
			path = XZNetworkingTests;
			sourceTree = "<group>";
		};
		F83D5E2D1AF4A59600E6646D /* Supporting Files */ = {
			isa = PBXGroup;
			children = (
				F83D5E2E1AF4A59600E6646D /* Info.plist */,
			);
			name = "Supporting Files";
			sourceTree = "<group>";
		};
		F84B63781AFCA02B008FE163 /* XZNetwork */ = {
			isa = PBXGroup;
			children = (
				F84B63791AFCA02B008FE163 /* Assist */,
				F84B63821AFCA02B008FE163 /* Category */,
				F84B63951AFCA02B008FE163 /* Components */,
				F84B63981AFCA02B008FE163 /* Debug */,
				F84B639B1AFCA02B008FE163 /* ServiceConfig */,
				F84B63A21AFCA02B008FE163 /* XZApiManager.h */,
				F84B63A31AFCA02B008FE163 /* XZApiManager.m */,
				F84B63A41AFCA02B008FE163 /* XZNetService */,
				F84B63B21AFCA02B008FE163 /* XZNetWorkingHeader.h */,
				F84B63B31AFCA02B008FE163 /* XZRequestGenerator.h */,
				F84B63B41AFCA02B008FE163 /* XZRequestGenerator.m */,
				F84B63B51AFCA02B008FE163 /* XZRequestManager.h */,
				F84B63B61AFCA02B008FE163 /* XZRequestManager.m */,
				F84B63B71AFCA02B008FE163 /* XZResponse */,
				F84B63BA1AFCA02B008FE163 /* XZSignatureGenerator */,
			);
			path = XZNetwork;
			sourceTree = "<group>";
		};
		F84B63791AFCA02B008FE163 /* Assist */ = {
			isa = PBXGroup;
			children = (
				F84B637A1AFCA02B008FE163 /* XZDeviceInfo.h */,
				F84B637B1AFCA02B008FE163 /* XZDeviceInfo.m */,
				F84B637C1AFCA02B008FE163 /* XZKeychain.h */,
				F84B637D1AFCA02B008FE163 /* XZKeychain.m */,
				F84B637E1AFCA02B008FE163 /* XZNetCommonParamsGenerator.h */,
				F84B637F1AFCA02B008FE163 /* XZNetCommonParamsGenerator.m */,
				F84B63801AFCA02B008FE163 /* XZUDIDGenerator.h */,
				F84B63811AFCA02B008FE163 /* XZUDIDGenerator.m */,
			);
			path = Assist;
			sourceTree = "<group>";
		};
		F84B63821AFCA02B008FE163 /* Category */ = {
			isa = PBXGroup;
			children = (
				F84B63831AFCA02B008FE163 /* NSArray+XZNetMethod.h */,
				F84B63841AFCA02B008FE163 /* NSArray+XZNetMethod.m */,
				F84B63851AFCA02B008FE163 /* NSDictionary+XZNetMethod.h */,
				F84B63861AFCA02B008FE163 /* NSDictionary+XZNetMethod.m */,
				F84B63871AFCA02B008FE163 /* NSMutableString+XZNetMethod.h */,
				F84B63881AFCA02B008FE163 /* NSMutableString+XZNetMethod.m */,
				F84B63891AFCA02B008FE163 /* NSObject+XZNetMethod.h */,
				F84B638A1AFCA02B008FE163 /* NSObject+XZNetMethod.m */,
				F84B638B1AFCA02B008FE163 /* NSString+MD5Addition.h */,
				F84B638C1AFCA02B008FE163 /* NSString+MD5Addition.m */,
				F84B638D1AFCA02B008FE163 /* NSString+XZNetMethod.h */,
				F84B638E1AFCA02B008FE163 /* NSString+XZNetMethod.m */,
				F84B638F1AFCA02B008FE163 /* NSURLRequest+XZNetMethod.h */,
				F84B63901AFCA02B008FE163 /* NSURLRequest+XZNetMethod.m */,
				F84B63911AFCA02B008FE163 /* UIDevice+XZIdentifierAddition.h */,
				F84B63921AFCA02B008FE163 /* UIDevice+XZIdentifierAddition.m */,
				F84B63931AFCA02B008FE163 /* XZRequestResponse+XZNetMethod.h */,
				F84B63941AFCA02B008FE163 /* XZRequestResponse+XZNetMethod.m */,
			);
			path = Category;
			sourceTree = "<group>";
		};
		F84B63951AFCA02B008FE163 /* Components */ = {
			isa = PBXGroup;
			children = (
				F84B63961AFCA02B008FE163 /* XZAppContext.h */,
				F84B63971AFCA02B008FE163 /* XZAppContext.m */,
			);
			path = Components;
			sourceTree = "<group>";
		};
		F84B63981AFCA02B008FE163 /* Debug */ = {
			isa = PBXGroup;
			children = (
				F84B63991AFCA02B008FE163 /* XZNetDebug.h */,
				F84B639A1AFCA02B008FE163 /* XZNetDebug.m */,
			);
			path = Debug;
			sourceTree = "<group>";
		};
		F84B639B1AFCA02B008FE163 /* ServiceConfig */ = {
			isa = PBXGroup;
			children = (
				F84B639C1AFCA02B008FE163 /* XZMusicForBaidu.h */,
				F84B639D1AFCA02B008FE163 /* XZMusicForBaidu.m */,
				F84B639E1AFCA02B008FE163 /* XZMusicForBaidu2.h */,
				F84B639F1AFCA02B008FE163 /* XZMusicForBaidu2.m */,
				F84B63A01AFCA02B008FE163 /* XZMusicForWeibo.h */,
				F84B63A11AFCA02B008FE163 /* XZMusicForWeibo.m */,
			);
			path = ServiceConfig;
			sourceTree = "<group>";
		};
		F84B63A41AFCA02B008FE163 /* XZNetService */ = {
			isa = PBXGroup;
			children = (
				F84B63A51AFCA02B008FE163 /* ServiceConfig */,
				F84B63AE1AFCA02B008FE163 /* XZNetService.h */,
				F84B63AF1AFCA02B008FE163 /* XZNetService.m */,
				F84B63B01AFCA02B008FE163 /* XZNetServiceFactory.h */,
				F84B63B11AFCA02B008FE163 /* XZNetServiceFactory.m */,
			);
			path = XZNetService;
			sourceTree = "<group>";
		};
		F84B63A51AFCA02B008FE163 /* ServiceConfig */ = {
			isa = PBXGroup;
			children = (
				F84B63A61AFCA02B008FE163 /* XZMusicForBaiduGet.h */,
				F84B63A71AFCA02B008FE163 /* XZMusicForBaiduGet.m */,
				F84B63A81AFCA02B008FE163 /* XZMusicForBroker.h */,
				F84B63A91AFCA02B008FE163 /* XZMusicForBroker.m */,
				F84B63AA1AFCA02B008FE163 /* XZMusicForBrokerPost.h */,
				F84B63AB1AFCA02B008FE163 /* XZMusicForBrokerPost.m */,
				F84B63AC1AFCA02B008FE163 /* XZMusicForBrokerRest.h */,
				F84B63AD1AFCA02B008FE163 /* XZMusicForBrokerRest.m */,
			);
			path = ServiceConfig;
			sourceTree = "<group>";
		};
		F84B63B71AFCA02B008FE163 /* XZResponse */ = {
			isa = PBXGroup;
			children = (
				F84B63B81AFCA02B008FE163 /* XZRequestResponse.h */,
				F84B63B91AFCA02B008FE163 /* XZRequestResponse.m */,
			);
			path = XZResponse;
			sourceTree = "<group>";
		};
		F84B63BA1AFCA02B008FE163 /* XZSignatureGenerator */ = {
			isa = PBXGroup;
			children = (
				F84B63BB1AFCA02B008FE163 /* XZSignatureGenerator.h */,
				F84B63BC1AFCA02B008FE163 /* XZSignatureGenerator.m */,
			);
			path = XZSignatureGenerator;
			sourceTree = "<group>";
		};
/* End PBXGroup section */

/* Begin PBXNativeTarget section */
		F83D5E0F1AF4A59600E6646D /* XZNetworking */ = {
			isa = PBXNativeTarget;
			buildConfigurationList = F83D5E331AF4A59600E6646D /* Build configuration list for PBXNativeTarget "XZNetworking" */;
			buildPhases = (
				1D0E7B8DCB22DAA6146C18DF /* Check Pods Manifest.lock */,
				F83D5E0C1AF4A59600E6646D /* Sources */,
				F83D5E0D1AF4A59600E6646D /* Frameworks */,
				F83D5E0E1AF4A59600E6646D /* Resources */,
				BAE19B556ADD3F3FB2F63ED6 /* Copy Pods Resources */,
			);
			buildRules = (
			);
			dependencies = (
			);
			name = XZNetworking;
			productName = XZNetworking;
			productReference = F83D5E101AF4A59600E6646D /* XZNetworking.app */;
			productType = "com.apple.product-type.application";
		};
		F83D5E281AF4A59600E6646D /* XZNetworkingTests */ = {
			isa = PBXNativeTarget;
			buildConfigurationList = F83D5E361AF4A59600E6646D /* Build configuration list for PBXNativeTarget "XZNetworkingTests" */;
			buildPhases = (
				F83D5E251AF4A59600E6646D /* Sources */,
				F83D5E261AF4A59600E6646D /* Frameworks */,
				F83D5E271AF4A59600E6646D /* Resources */,
			);
			buildRules = (
			);
			dependencies = (
				F83D5E2B1AF4A59600E6646D /* PBXTargetDependency */,
			);
			name = XZNetworkingTests;
			productName = XZNetworkingTests;
			productReference = F83D5E291AF4A59600E6646D /* XZNetworkingTests.xctest */;
			productType = "com.apple.product-type.bundle.unit-test";
		};
/* End PBXNativeTarget section */

/* Begin PBXProject section */
		F83D5E081AF4A59600E6646D /* Project object */ = {
			isa = PBXProject;
			attributes = {
				LastUpgradeCheck = 0630;
				ORGANIZATIONNAME = xiazer;
				TargetAttributes = {
					F83D5E0F1AF4A59600E6646D = {
						CreatedOnToolsVersion = 6.3;
					};
					F83D5E281AF4A59600E6646D = {
						CreatedOnToolsVersion = 6.3;
						TestTargetID = F83D5E0F1AF4A59600E6646D;
					};
				};
			};
			buildConfigurationList = F83D5E0B1AF4A59600E6646D /* Build configuration list for PBXProject "XZNetworking" */;
			compatibilityVersion = "Xcode 3.2";
			developmentRegion = English;
			hasScannedForEncodings = 0;
			knownRegions = (
				en,
				Base,
			);
			mainGroup = F83D5E071AF4A59600E6646D;
			productRefGroup = F83D5E111AF4A59600E6646D /* Products */;
			projectDirPath = "";
			projectRoot = "";
			targets = (
				F83D5E0F1AF4A59600E6646D /* XZNetworking */,
				F83D5E281AF4A59600E6646D /* XZNetworkingTests */,
			);
		};
/* End PBXProject section */

/* Begin PBXResourcesBuildPhase section */
		F83D5E0E1AF4A59600E6646D /* Resources */ = {
			isa = PBXResourcesBuildPhase;
			buildActionMask = 2147483647;
			files = (
				F83D5E1F1AF4A59600E6646D /* Main.storyboard in Resources */,
				F83D5E241AF4A59600E6646D /* LaunchScreen.xib in Resources */,
				F83D5E7A1AF4A70C00E6646D /* Images-2.xcassets in Resources */,
				F83D5E211AF4A59600E6646D /* Images.xcassets in Resources */,
			);
			runOnlyForDeploymentPostprocessing = 0;
		};
		F83D5E271AF4A59600E6646D /* Resources */ = {
			isa = PBXResourcesBuildPhase;
			buildActionMask = 2147483647;
			files = (
			);
			runOnlyForDeploymentPostprocessing = 0;
		};
/* End PBXResourcesBuildPhase section */

/* Begin PBXShellScriptBuildPhase section */
		1D0E7B8DCB22DAA6146C18DF /* Check Pods Manifest.lock */ = {
			isa = PBXShellScriptBuildPhase;
			buildActionMask = 2147483647;
			files = (
			);
			inputPaths = (
			);
			name = "Check Pods Manifest.lock";
			outputPaths = (
			);
			runOnlyForDeploymentPostprocessing = 0;
			shellPath = /bin/sh;
			shellScript = "diff \"${PODS_ROOT}/../Podfile.lock\" \"${PODS_ROOT}/Manifest.lock\" > /dev/null\nif [[ $? != 0 ]] ; then\n    cat << EOM\nerror: The sandbox is not in sync with the Podfile.lock. Run 'pod install' or update your CocoaPods installation.\nEOM\n    exit 1\nfi\n";
			showEnvVarsInLog = 0;
		};
		BAE19B556ADD3F3FB2F63ED6 /* Copy Pods Resources */ = {
			isa = PBXShellScriptBuildPhase;
			buildActionMask = 2147483647;
			files = (
			);
			inputPaths = (
			);
			name = "Copy Pods Resources";
			outputPaths = (
			);
			runOnlyForDeploymentPostprocessing = 0;
			shellPath = /bin/sh;
			shellScript = "\"${SRCROOT}/Pods/Target Support Files/Pods/Pods-resources.sh\"\n";
			showEnvVarsInLog = 0;
		};
/* End PBXShellScriptBuildPhase section */

/* Begin PBXSourcesBuildPhase section */
		F83D5E0C1AF4A59600E6646D /* Sources */ = {
			isa = PBXSourcesBuildPhase;
			buildActionMask = 2147483647;
			files = (
				F84B63C41AFCA02B008FE163 /* NSObject+XZNetMethod.m in Sources */,
				F84B63D41AFCA02B008FE163 /* XZNetService.m in Sources */,
				F83D5E1C1AF4A59600E6646D /* ViewController.m in Sources */,
				F84B63CC1AFCA02B008FE163 /* XZMusicForBaidu.m in Sources */,
				F84B63C31AFCA02B008FE163 /* NSMutableString+XZNetMethod.m in Sources */,
				F84B63C81AFCA02B008FE163 /* UIDevice+XZIdentifierAddition.m in Sources */,
				F84B63C61AFCA02B008FE163 /* NSString+XZNetMethod.m in Sources */,
				F84B63D81AFCA02B008FE163 /* XZRequestResponse.m in Sources */,
				F84B63C01AFCA02B008FE163 /* XZUDIDGenerator.m in Sources */,
				F83D5E191AF4A59600E6646D /* AppDelegate.m in Sources */,
				F84B63D31AFCA02B008FE163 /* XZMusicForBrokerRest.m in Sources */,
				F84B63D21AFCA02B008FE163 /* XZMusicForBrokerPost.m in Sources */,
				F84B63CF1AFCA02B008FE163 /* XZApiManager.m in Sources */,
				F84B63D01AFCA02B008FE163 /* XZMusicForBaiduGet.m in Sources */,
				F84B63D71AFCA02B008FE163 /* XZRequestManager.m in Sources */,
				F84B63BE1AFCA02B008FE163 /* XZKeychain.m in Sources */,
				F84B63C21AFCA02B008FE163 /* NSDictionary+XZNetMethod.m in Sources */,
				F84B63D11AFCA02B008FE163 /* XZMusicForBroker.m in Sources */,
				F84B63CD1AFCA02B008FE163 /* XZMusicForBaidu2.m in Sources */,
				F84B63C91AFCA02B008FE163 /* XZRequestResponse+XZNetMethod.m in Sources */,
				F84B63D61AFCA02B008FE163 /* XZRequestGenerator.m in Sources */,
				F83D5E161AF4A59600E6646D /* main.m in Sources */,
				F84B63CB1AFCA02B008FE163 /* XZNetDebug.m in Sources */,
				F84B63CA1AFCA02B008FE163 /* XZAppContext.m in Sources */,
				F84B63C71AFCA02B008FE163 /* NSURLRequest+XZNetMethod.m in Sources */,
				F84B63C11AFCA02B008FE163 /* NSArray+XZNetMethod.m in Sources */,
				F84B63BF1AFCA02B008FE163 /* XZNetCommonParamsGenerator.m in Sources */,
				F84B63C51AFCA02B008FE163 /* NSString+MD5Addition.m in Sources */,
				F84B63D91AFCA02B008FE163 /* XZSignatureGenerator.m in Sources */,
				F84B63BD1AFCA02B008FE163 /* XZDeviceInfo.m in Sources */,
				F84B63D51AFCA02B008FE163 /* XZNetServiceFactory.m in Sources */,
				F84B63CE1AFCA02B008FE163 /* XZMusicForWeibo.m in Sources */,
			);
			runOnlyForDeploymentPostprocessing = 0;
		};
		F83D5E251AF4A59600E6646D /* Sources */ = {
			isa = PBXSourcesBuildPhase;
			buildActionMask = 2147483647;
			files = (
				F83D5E301AF4A59600E6646D /* XZNetworkingTests.m in Sources */,
			);
			runOnlyForDeploymentPostprocessing = 0;
		};
/* End PBXSourcesBuildPhase section */

/* Begin PBXTargetDependency section */
		F83D5E2B1AF4A59600E6646D /* PBXTargetDependency */ = {
			isa = PBXTargetDependency;
			target = F83D5E0F1AF4A59600E6646D /* XZNetworking */;
			targetProxy = F83D5E2A1AF4A59600E6646D /* PBXContainerItemProxy */;
		};
/* End PBXTargetDependency section */

/* Begin PBXVariantGroup section */
		F83D5E1D1AF4A59600E6646D /* Main.storyboard */ = {
			isa = PBXVariantGroup;
			children = (
				F83D5E1E1AF4A59600E6646D /* Base */,
			);
			name = Main.storyboard;
			sourceTree = "<group>";
		};
		F83D5E221AF4A59600E6646D /* LaunchScreen.xib */ = {
			isa = PBXVariantGroup;
			children = (
				F83D5E231AF4A59600E6646D /* Base */,
			);
			name = LaunchScreen.xib;
			sourceTree = "<group>";
		};
/* End PBXVariantGroup section */

/* Begin XCBuildConfiguration section */
		F83D5E311AF4A59600E6646D /* Debug */ = {
			isa = XCBuildConfiguration;
			buildSettings = {
				ALWAYS_SEARCH_USER_PATHS = NO;
				CLANG_CXX_LANGUAGE_STANDARD = "gnu++0x";
				CLANG_CXX_LIBRARY = "libc++";
				CLANG_ENABLE_MODULES = YES;
				CLANG_ENABLE_OBJC_ARC = YES;
				CLANG_WARN_BOOL_CONVERSION = YES;
				CLANG_WARN_CONSTANT_CONVERSION = YES;
				CLANG_WARN_DIRECT_OBJC_ISA_USAGE = YES_ERROR;
				CLANG_WARN_EMPTY_BODY = YES;
				CLANG_WARN_ENUM_CONVERSION = YES;
				CLANG_WARN_INT_CONVERSION = YES;
				CLANG_WARN_OBJC_ROOT_CLASS = YES_ERROR;
				CLANG_WARN_UNREACHABLE_CODE = YES;
				CLANG_WARN__DUPLICATE_METHOD_MATCH = YES;
				"CODE_SIGN_IDENTITY[sdk=iphoneos*]" = "iPhone Developer";
				COPY_PHASE_STRIP = NO;
				DEBUG_INFORMATION_FORMAT = "dwarf-with-dsym";
				ENABLE_STRICT_OBJC_MSGSEND = YES;
				GCC_C_LANGUAGE_STANDARD = gnu99;
				GCC_DYNAMIC_NO_PIC = NO;
				GCC_NO_COMMON_BLOCKS = YES;
				GCC_OPTIMIZATION_LEVEL = 0;
				GCC_PREPROCESSOR_DEFINITIONS = (
					"DEBUG=1",
					"$(inherited)",
				);
				GCC_SYMBOLS_PRIVATE_EXTERN = NO;
				GCC_WARN_64_TO_32_BIT_CONVERSION = YES;
				GCC_WARN_ABOUT_RETURN_TYPE = YES_ERROR;
				GCC_WARN_UNDECLARED_SELECTOR = YES;
				GCC_WARN_UNINITIALIZED_AUTOS = YES_AGGRESSIVE;
				GCC_WARN_UNUSED_FUNCTION = YES;
				GCC_WARN_UNUSED_VARIABLE = YES;
				IPHONEOS_DEPLOYMENT_TARGET = 8.3;
				MTL_ENABLE_DEBUG_INFO = YES;
				ONLY_ACTIVE_ARCH = YES;
				SDKROOT = iphoneos;
			};
			name = Debug;
		};
		F83D5E321AF4A59600E6646D /* Release */ = {
			isa = XCBuildConfiguration;
			buildSettings = {
				ALWAYS_SEARCH_USER_PATHS = NO;
				CLANG_CXX_LANGUAGE_STANDARD = "gnu++0x";
				CLANG_CXX_LIBRARY = "libc++";
				CLANG_ENABLE_MODULES = YES;
				CLANG_ENABLE_OBJC_ARC = YES;
				CLANG_WARN_BOOL_CONVERSION = YES;
				CLANG_WARN_CONSTANT_CONVERSION = YES;
				CLANG_WARN_DIRECT_OBJC_ISA_USAGE = YES_ERROR;
				CLANG_WARN_EMPTY_BODY = YES;
				CLANG_WARN_ENUM_CONVERSION = YES;
				CLANG_WARN_INT_CONVERSION = YES;
				CLANG_WARN_OBJC_ROOT_CLASS = YES_ERROR;
				CLANG_WARN_UNREACHABLE_CODE = YES;
				CLANG_WARN__DUPLICATE_METHOD_MATCH = YES;
				"CODE_SIGN_IDENTITY[sdk=iphoneos*]" = "iPhone Developer";
				COPY_PHASE_STRIP = NO;
				DEBUG_INFORMATION_FORMAT = "dwarf-with-dsym";
				ENABLE_NS_ASSERTIONS = NO;
				ENABLE_STRICT_OBJC_MSGSEND = YES;
				GCC_C_LANGUAGE_STANDARD = gnu99;
				GCC_NO_COMMON_BLOCKS = YES;
				GCC_WARN_64_TO_32_BIT_CONVERSION = YES;
				GCC_WARN_ABOUT_RETURN_TYPE = YES_ERROR;
				GCC_WARN_UNDECLARED_SELECTOR = YES;
				GCC_WARN_UNINITIALIZED_AUTOS = YES_AGGRESSIVE;
				GCC_WARN_UNUSED_FUNCTION = YES;
				GCC_WARN_UNUSED_VARIABLE = YES;
				IPHONEOS_DEPLOYMENT_TARGET = 8.3;
				MTL_ENABLE_DEBUG_INFO = NO;
				SDKROOT = iphoneos;
				VALIDATE_PRODUCT = YES;
			};
			name = Release;
		};
		F83D5E341AF4A59600E6646D /* Debug */ = {
			isa = XCBuildConfiguration;
			baseConfigurationReference = 1C463987A967009CA7C01E8E /* Pods.debug.xcconfig */;
			buildSettings = {
				ASSETCATALOG_COMPILER_APPICON_NAME = AppIcon;
				ASSETCATALOG_COMPILER_LAUNCHIMAGE_NAME = LaunchImage;
				INFOPLIST_FILE = XZNetworking/Info.plist;
				IPHONEOS_DEPLOYMENT_TARGET = 7.0;
				LD_RUNPATH_SEARCH_PATHS = "$(inherited) @executable_path/Frameworks";
				PRODUCT_NAME = "$(TARGET_NAME)";
			};
			name = Debug;
		};
		F83D5E351AF4A59600E6646D /* Release */ = {
			isa = XCBuildConfiguration;
			baseConfigurationReference = 6C5230D1CBCEA8C73F848235 /* Pods.release.xcconfig */;
			buildSettings = {
				ASSETCATALOG_COMPILER_APPICON_NAME = AppIcon;
				ASSETCATALOG_COMPILER_LAUNCHIMAGE_NAME = LaunchImage;
				INFOPLIST_FILE = XZNetworking/Info.plist;
				IPHONEOS_DEPLOYMENT_TARGET = 7.0;
				LD_RUNPATH_SEARCH_PATHS = "$(inherited) @executable_path/Frameworks";
				PRODUCT_NAME = "$(TARGET_NAME)";
			};
			name = Release;
		};
		F83D5E371AF4A59600E6646D /* Debug */ = {
			isa = XCBuildConfiguration;
			buildSettings = {
				BUNDLE_LOADER = "$(TEST_HOST)";
				FRAMEWORK_SEARCH_PATHS = (
					"$(SDKROOT)/Developer/Library/Frameworks",
					"$(inherited)",
				);
				GCC_PREPROCESSOR_DEFINITIONS = (
					"DEBUG=1",
					"$(inherited)",
				);
				INFOPLIST_FILE = XZNetworkingTests/Info.plist;
				LD_RUNPATH_SEARCH_PATHS = "$(inherited) @executable_path/Frameworks @loader_path/Frameworks";
				PRODUCT_NAME = "$(TARGET_NAME)";
				TEST_HOST = "$(BUILT_PRODUCTS_DIR)/XZNetworking.app/XZNetworking";
			};
			name = Debug;
		};
		F83D5E381AF4A59600E6646D /* Release */ = {
			isa = XCBuildConfiguration;
			buildSettings = {
				BUNDLE_LOADER = "$(TEST_HOST)";
				FRAMEWORK_SEARCH_PATHS = (
					"$(SDKROOT)/Developer/Library/Frameworks",
					"$(inherited)",
				);
				INFOPLIST_FILE = XZNetworkingTests/Info.plist;
				LD_RUNPATH_SEARCH_PATHS = "$(inherited) @executable_path/Frameworks @loader_path/Frameworks";
				PRODUCT_NAME = "$(TARGET_NAME)";
				TEST_HOST = "$(BUILT_PRODUCTS_DIR)/XZNetworking.app/XZNetworking";
			};
			name = Release;
		};
/* End XCBuildConfiguration section */

/* Begin XCConfigurationList section */
		F83D5E0B1AF4A59600E6646D /* Build configuration list for PBXProject "XZNetworking" */ = {
			isa = XCConfigurationList;
			buildConfigurations = (
				F83D5E311AF4A59600E6646D /* Debug */,
				F83D5E321AF4A59600E6646D /* Release */,
			);
			defaultConfigurationIsVisible = 0;
			defaultConfigurationName = Release;
		};
		F83D5E331AF4A59600E6646D /* Build configuration list for PBXNativeTarget "XZNetworking" */ = {
			isa = XCConfigurationList;
			buildConfigurations = (
				F83D5E341AF4A59600E6646D /* Debug */,
				F83D5E351AF4A59600E6646D /* Release */,
			);
			defaultConfigurationIsVisible = 0;
			defaultConfigurationName = Release;
		};
		F83D5E361AF4A59600E6646D /* Build configuration list for PBXNativeTarget "XZNetworkingTests" */ = {
			isa = XCConfigurationList;
			buildConfigurations = (
				F83D5E371AF4A59600E6646D /* Debug */,
				F83D5E381AF4A59600E6646D /* Release */,
			);
			defaultConfigurationIsVisible = 0;
			defaultConfigurationName = Release;
		};
/* End XCConfigurationList section */
	};
	rootObject = F83D5E081AF4A59600E6646D /* Project object */;
}
