// !$*UTF8*$!
{
	archiveVersion = 1;
	classes = {
	};
	objectVersion = 46;
	objects = {

/* Begin PBXBuildFile section */
		F80550711B00B93100A8DE49 /* main.m in Sources */ = {isa = PBXBuildFile; fileRef = F80550701B00B93100A8DE49 /* main.m */; };
		F80550781B00B93A00A8DE49 /* AppDelegate.m in Sources */ = {isa = PBXBuildFile; fileRef = F80550741B00B93A00A8DE49 /* AppDelegate.m */; };
		F805507A1B00B93A00A8DE49 /* ViewController.m in Sources */ = {isa = PBXBuildFile; fileRef = F80550771B00B93A00A8DE49 /* ViewController.m */; };
		F83D5E1F1AF4A59600E6646D /* Main.storyboard in Resources */ = {isa = PBXBuildFile; fileRef = F83D5E1D1AF4A59600E6646D /* Main.storyboard */; };
		F83D5E211AF4A59600E6646D /* Images.xcassets in Resources */ = {isa = PBXBuildFile; fileRef = F83D5E201AF4A59600E6646D /* Images.xcassets */; };
		F83D5E241AF4A59600E6646D /* LaunchScreen.xib in Resources */ = {isa = PBXBuildFile; fileRef = F83D5E221AF4A59600E6646D /* LaunchScreen.xib */; };
		F83D5E301AF4A59600E6646D /* XZNetworkingTests.m in Sources */ = {isa = PBXBuildFile; fileRef = F83D5E2F1AF4A59600E6646D /* XZNetworkingTests.m */; };
		F83D5E7A1AF4A70C00E6646D /* Images-2.xcassets in Resources */ = {isa = PBXBuildFile; fileRef = F83D5E791AF4A70C00E6646D /* Images-2.xcassets */; };
		F83D5EBC1AF4A79300E6646D /* UIKit.framework in Frameworks */ = {isa = PBXBuildFile; fileRef = F83D5EBB1AF4A79300E6646D /* UIKit.framework */; };
		F83D5EBE1AF4A7A200E6646D /* CoreGraphics.framework in Frameworks */ = {isa = PBXBuildFile; fileRef = F83D5EBD1AF4A7A200E6646D /* CoreGraphics.framework */; };
		F83D5EC01AF4A7AD00E6646D /* Foundation.framework in Frameworks */ = {isa = PBXBuildFile; fileRef = F83D5EBF1AF4A7AD00E6646D /* Foundation.framework */; };
		F88C14211B00B64F0050DCD4 /* XZDeviceInfo.m in Sources */ = {isa = PBXBuildFile; fileRef = F88C13DF1B00B64F0050DCD4 /* XZDeviceInfo.m */; };
		F88C14221B00B64F0050DCD4 /* XZKeychain.m in Sources */ = {isa = PBXBuildFile; fileRef = F88C13E11B00B64F0050DCD4 /* XZKeychain.m */; };
		F88C14231B00B64F0050DCD4 /* XZNetCommonParamsGenerator.m in Sources */ = {isa = PBXBuildFile; fileRef = F88C13E31B00B64F0050DCD4 /* XZNetCommonParamsGenerator.m */; };
		F88C14241B00B64F0050DCD4 /* XZUDIDGenerator.m in Sources */ = {isa = PBXBuildFile; fileRef = F88C13E51B00B64F0050DCD4 /* XZUDIDGenerator.m */; };
		F88C14251B00B64F0050DCD4 /* NSArray+XZNetMethod.m in Sources */ = {isa = PBXBuildFile; fileRef = F88C13E81B00B64F0050DCD4 /* NSArray+XZNetMethod.m */; };
		F88C14261B00B64F0050DCD4 /* NSDictionary+XZNetMethod.m in Sources */ = {isa = PBXBuildFile; fileRef = F88C13EA1B00B64F0050DCD4 /* NSDictionary+XZNetMethod.m */; };
		F88C14271B00B64F0050DCD4 /* NSMutableString+XZNetMethod.m in Sources */ = {isa = PBXBuildFile; fileRef = F88C13EC1B00B64F0050DCD4 /* NSMutableString+XZNetMethod.m */; };
		F88C14281B00B64F0050DCD4 /* NSObject+XZNetMethod.m in Sources */ = {isa = PBXBuildFile; fileRef = F88C13EE1B00B64F0050DCD4 /* NSObject+XZNetMethod.m */; };
		F88C14291B00B64F0050DCD4 /* NSString+MD5Addition.m in Sources */ = {isa = PBXBuildFile; fileRef = F88C13F01B00B64F0050DCD4 /* NSString+MD5Addition.m */; };
		F88C142A1B00B64F0050DCD4 /* NSString+XZNetMethod.m in Sources */ = {isa = PBXBuildFile; fileRef = F88C13F21B00B64F0050DCD4 /* NSString+XZNetMethod.m */; };
		F88C142B1B00B64F0050DCD4 /* NSURLRequest+XZNetMethod.m in Sources */ = {isa = PBXBuildFile; fileRef = F88C13F41B00B64F0050DCD4 /* NSURLRequest+XZNetMethod.m */; };
		F88C142C1B00B64F0050DCD4 /* UIDevice+XZIdentifierAddition.m in Sources */ = {isa = PBXBuildFile; fileRef = F88C13F61B00B64F0050DCD4 /* UIDevice+XZIdentifierAddition.m */; };
		F88C142D1B00B64F0050DCD4 /* XZRequestResponse+XZNetMethod.m in Sources */ = {isa = PBXBuildFile; fileRef = F88C13F81B00B64F0050DCD4 /* XZRequestResponse+XZNetMethod.m */; };
		F88C142E1B00B64F0050DCD4 /* XZAppContext.m in Sources */ = {isa = PBXBuildFile; fileRef = F88C13FB1B00B64F0050DCD4 /* XZAppContext.m */; };
		F88C142F1B00B64F0050DCD4 /* XZNetDebug.m in Sources */ = {isa = PBXBuildFile; fileRef = F88C13FE1B00B64F0050DCD4 /* XZNetDebug.m */; };
		F88C14301B00B64F0050DCD4 /* XZMusicForBaidu.m in Sources */ = {isa = PBXBuildFile; fileRef = F88C14011B00B64F0050DCD4 /* XZMusicForBaidu.m */; };
		F88C14311B00B64F0050DCD4 /* XZMusicForBaidu2.m in Sources */ = {isa = PBXBuildFile; fileRef = F88C14031B00B64F0050DCD4 /* XZMusicForBaidu2.m */; };
		F88C14321B00B64F0050DCD4 /* XZMusicForWeibo.m in Sources */ = {isa = PBXBuildFile; fileRef = F88C14051B00B64F0050DCD4 /* XZMusicForWeibo.m */; };
		F88C14331B00B64F0050DCD4 /* XZApiManager.m in Sources */ = {isa = PBXBuildFile; fileRef = F88C14071B00B64F0050DCD4 /* XZApiManager.m */; };
		F88C14341B00B64F0050DCD4 /* XZMusicForBaiduGet.m in Sources */ = {isa = PBXBuildFile; fileRef = F88C140B1B00B64F0050DCD4 /* XZMusicForBaiduGet.m */; };
		F88C14351B00B64F0050DCD4 /* XZMusicForBroker.m in Sources */ = {isa = PBXBuildFile; fileRef = F88C140D1B00B64F0050DCD4 /* XZMusicForBroker.m */; };
		F88C14361B00B64F0050DCD4 /* XZMusicForBrokerPost.m in Sources */ = {isa = PBXBuildFile; fileRef = F88C140F1B00B64F0050DCD4 /* XZMusicForBrokerPost.m */; };
		F88C14371B00B64F0050DCD4 /* XZMusicForBrokerRest.m in Sources */ = {isa = PBXBuildFile; fileRef = F88C14111B00B64F0050DCD4 /* XZMusicForBrokerRest.m */; };
		F88C14381B00B64F0050DCD4 /* XZNetService.m in Sources */ = {isa = PBXBuildFile; fileRef = F88C14131B00B64F0050DCD4 /* XZNetService.m */; };
		F88C14391B00B64F0050DCD4 /* XZNetServiceFactory.m in Sources */ = {isa = PBXBuildFile; fileRef = F88C14151B00B64F0050DCD4 /* XZNetServiceFactory.m */; };
		F88C143A1B00B64F0050DCD4 /* XZRequestGenerator.m in Sources */ = {isa = PBXBuildFile; fileRef = F88C14181B00B64F0050DCD4 /* XZRequestGenerator.m */; };
		F88C143B1B00B64F0050DCD4 /* XZRequestManager.m in Sources */ = {isa = PBXBuildFile; fileRef = F88C141A1B00B64F0050DCD4 /* XZRequestManager.m */; };
		F88C143C1B00B64F0050DCD4 /* XZRequestResponse.m in Sources */ = {isa = PBXBuildFile; fileRef = F88C141D1B00B64F0050DCD4 /* XZRequestResponse.m */; };
		F88C143D1B00B64F0050DCD4 /* XZSignatureGenerator.m in Sources */ = {isa = PBXBuildFile; fileRef = F88C14201B00B64F0050DCD4 /* XZSignatureGenerator.m */; };
		FC199820A2F9E95C6B528FB1 /* libPods.a in Frameworks */ = {isa = PBXBuildFile; fileRef = 1B3DC42755C0BB7AC587273F /* libPods.a */; };
/* End PBXBuildFile section */

/* Begin PBXContainerItemProxy section */
		F83D5E2A1AF4A59600E6646D /* PBXContainerItemProxy */ = {
			isa = PBXContainerItemProxy;
			containerPortal = F83D5E081AF4A59600E6646D /* Project object */;
			proxyType = 1;
			remoteGlobalIDString = F83D5E0F1AF4A59600E6646D;
			remoteInfo = XZNetworking;
		};
/* End PBXContainerItemProxy section */

/* Begin PBXFileReference section */
		1B3DC42755C0BB7AC587273F /* libPods.a */ = {isa = PBXFileReference; explicitFileType = archive.ar; includeInIndex = 0; path = libPods.a; sourceTree = BUILT_PRODUCTS_DIR; };
		1C463987A967009CA7C01E8E /* Pods.debug.xcconfig */ = {isa = PBXFileReference; includeInIndex = 1; lastKnownFileType = text.xcconfig; name = Pods.debug.xcconfig; path = "Pods/Target Support Files/Pods/Pods.debug.xcconfig"; sourceTree = "<group>"; };
		6C5230D1CBCEA8C73F848235 /* Pods.release.xcconfig */ = {isa = PBXFileReference; includeInIndex = 1; lastKnownFileType = text.xcconfig; name = Pods.release.xcconfig; path = "Pods/Target Support Files/Pods/Pods.release.xcconfig"; sourceTree = "<group>"; };
		F80550701B00B93100A8DE49 /* main.m */ = {isa = PBXFileReference; fileEncoding = 4; lastKnownFileType = sourcecode.c.objc; name = main.m; path = View/main.m; sourceTree = "<group>"; };
		F80550731B00B93A00A8DE49 /* AppDelegate.h */ = {isa = PBXFileReference; fileEncoding = 4; lastKnownFileType = sourcecode.c.h; path = AppDelegate.h; sourceTree = "<group>"; };
		F80550741B00B93A00A8DE49 /* AppDelegate.m */ = {isa = PBXFileReference; fileEncoding = 4; lastKnownFileType = sourcecode.c.objc; path = AppDelegate.m; sourceTree = "<group>"; };
		F80550761B00B93A00A8DE49 /* ViewController.h */ = {isa = PBXFileReference; fileEncoding = 4; lastKnownFileType = sourcecode.c.h; path = ViewController.h; sourceTree = "<group>"; };
		F80550771B00B93A00A8DE49 /* ViewController.m */ = {isa = PBXFileReference; fileEncoding = 4; lastKnownFileType = sourcecode.c.objc; path = ViewController.m; sourceTree = "<group>"; };
		F83D5E101AF4A59600E6646D /* XZNetworking.app */ = {isa = PBXFileReference; explicitFileType = wrapper.application; includeInIndex = 0; path = XZNetworking.app; sourceTree = BUILT_PRODUCTS_DIR; };
		F83D5E141AF4A59600E6646D /* Info.plist */ = {isa = PBXFileReference; lastKnownFileType = text.plist.xml; path = Info.plist; sourceTree = "<group>"; };
		F83D5E1E1AF4A59600E6646D /* Base */ = {isa = PBXFileReference; lastKnownFileType = file.storyboard; name = Base; path = Base.lproj/Main.storyboard; sourceTree = "<group>"; };
		F83D5E201AF4A59600E6646D /* Images.xcassets */ = {isa = PBXFileReference; lastKnownFileType = folder.assetcatalog; path = Images.xcassets; sourceTree = "<group>"; };
		F83D5E231AF4A59600E6646D /* Base */ = {isa = PBXFileReference; lastKnownFileType = file.xib; name = Base; path = Base.lproj/LaunchScreen.xib; sourceTree = "<group>"; };
		F83D5E291AF4A59600E6646D /* XZNetworkingTests.xctest */ = {isa = PBXFileReference; explicitFileType = wrapper.cfbundle; includeInIndex = 0; path = XZNetworkingTests.xctest; sourceTree = BUILT_PRODUCTS_DIR; };
		F83D5E2E1AF4A59600E6646D /* Info.plist */ = {isa = PBXFileReference; lastKnownFileType = text.plist.xml; path = Info.plist; sourceTree = "<group>"; };
		F83D5E2F1AF4A59600E6646D /* XZNetworkingTests.m */ = {isa = PBXFileReference; lastKnownFileType = sourcecode.c.objc; path = XZNetworkingTests.m; sourceTree = "<group>"; };
		F83D5E791AF4A70C00E6646D /* Images-2.xcassets */ = {isa = PBXFileReference; lastKnownFileType = folder.assetcatalog; path = "Images-2.xcassets"; sourceTree = "<group>"; };
		F83D5EBB1AF4A79300E6646D /* UIKit.framework */ = {isa = PBXFileReference; lastKnownFileType = wrapper.framework; name = UIKit.framework; path = System/Library/Frameworks/UIKit.framework; sourceTree = SDKROOT; };
		F83D5EBD1AF4A7A200E6646D /* CoreGraphics.framework */ = {isa = PBXFileReference; lastKnownFileType = wrapper.framework; name = CoreGraphics.framework; path = System/Library/Frameworks/CoreGraphics.framework; sourceTree = SDKROOT; };
		F83D5EBF1AF4A7AD00E6646D /* Foundation.framework */ = {isa = PBXFileReference; lastKnownFileType = wrapper.framework; name = Foundation.framework; path = System/Library/Frameworks/Foundation.framework; sourceTree = SDKROOT; };
		F88C13DE1B00B64F0050DCD4 /* XZDeviceInfo.h */ = {isa = PBXFileReference; fileEncoding = 4; lastKnownFileType = sourcecode.c.h; path = XZDeviceInfo.h; sourceTree = "<group>"; };
		F88C13DF1B00B64F0050DCD4 /* XZDeviceInfo.m */ = {isa = PBXFileReference; fileEncoding = 4; lastKnownFileType = sourcecode.c.objc; path = XZDeviceInfo.m; sourceTree = "<group>"; };
		F88C13E01B00B64F0050DCD4 /* XZKeychain.h */ = {isa = PBXFileReference; fileEncoding = 4; lastKnownFileType = sourcecode.c.h; path = XZKeychain.h; sourceTree = "<group>"; };
		F88C13E11B00B64F0050DCD4 /* XZKeychain.m */ = {isa = PBXFileReference; fileEncoding = 4; lastKnownFileType = sourcecode.c.objc; path = XZKeychain.m; sourceTree = "<group>"; };
		F88C13E21B00B64F0050DCD4 /* XZNetCommonParamsGenerator.h */ = {isa = PBXFileReference; fileEncoding = 4; lastKnownFileType = sourcecode.c.h; path = XZNetCommonParamsGenerator.h; sourceTree = "<group>"; };
		F88C13E31B00B64F0050DCD4 /* XZNetCommonParamsGenerator.m */ = {isa = PBXFileReference; fileEncoding = 4; lastKnownFileType = sourcecode.c.objc; path = XZNetCommonParamsGenerator.m; sourceTree = "<group>"; };
		F88C13E41B00B64F0050DCD4 /* XZUDIDGenerator.h */ = {isa = PBXFileReference; fileEncoding = 4; lastKnownFileType = sourcecode.c.h; path = XZUDIDGenerator.h; sourceTree = "<group>"; };
		F88C13E51B00B64F0050DCD4 /* XZUDIDGenerator.m */ = {isa = PBXFileReference; fileEncoding = 4; lastKnownFileType = sourcecode.c.objc; path = XZUDIDGenerator.m; sourceTree = "<group>"; };
		F88C13E71B00B64F0050DCD4 /* NSArray+XZNetMethod.h */ = {isa = PBXFileReference; fileEncoding = 4; lastKnownFileType = sourcecode.c.h; path = "NSArray+XZNetMethod.h"; sourceTree = "<group>"; };
		F88C13E81B00B64F0050DCD4 /* NSArray+XZNetMethod.m */ = {isa = PBXFileReference; fileEncoding = 4; lastKnownFileType = sourcecode.c.objc; path = "NSArray+XZNetMethod.m"; sourceTree = "<group>"; };
		F88C13E91B00B64F0050DCD4 /* NSDictionary+XZNetMethod.h */ = {isa = PBXFileReference; fileEncoding = 4; lastKnownFileType = sourcecode.c.h; path = "NSDictionary+XZNetMethod.h"; sourceTree = "<group>"; };
		F88C13EA1B00B64F0050DCD4 /* NSDictionary+XZNetMethod.m */ = {isa = PBXFileReference; fileEncoding = 4; lastKnownFileType = sourcecode.c.objc; path = "NSDictionary+XZNetMethod.m"; sourceTree = "<group>"; };
		F88C13EB1B00B64F0050DCD4 /* NSMutableString+XZNetMethod.h */ = {isa = PBXFileReference; fileEncoding = 4; lastKnownFileType = sourcecode.c.h; path = "NSMutableString+XZNetMethod.h"; sourceTree = "<group>"; };
		F88C13EC1B00B64F0050DCD4 /* NSMutableString+XZNetMethod.m */ = {isa = PBXFileReference; fileEncoding = 4; lastKnownFileType = sourcecode.c.objc; path = "NSMutableString+XZNetMethod.m"; sourceTree = "<group>"; };
		F88C13ED1B00B64F0050DCD4 /* NSObject+XZNetMethod.h */ = {isa = PBXFileReference; fileEncoding = 4; lastKnownFileType = sourcecode.c.h; path = "NSObject+XZNetMethod.h"; sourceTree = "<group>"; };
		F88C13EE1B00B64F0050DCD4 /* NSObject+XZNetMethod.m */ = {isa = PBXFileReference; fileEncoding = 4; lastKnownFileType = sourcecode.c.objc; path = "NSObject+XZNetMethod.m"; sourceTree = "<group>"; };
		F88C13EF1B00B64F0050DCD4 /* NSString+MD5Addition.h */ = {isa = PBXFileReference; fileEncoding = 4; lastKnownFileType = sourcecode.c.h; path = "NSString+MD5Addition.h"; sourceTree = "<group>"; };
		F88C13F01B00B64F0050DCD4 /* NSString+MD5Addition.m */ = {isa = PBXFileReference; fileEncoding = 4; lastKnownFileType = sourcecode.c.objc; path = "NSString+MD5Addition.m"; sourceTree = "<group>"; };
		F88C13F11B00B64F0050DCD4 /* NSString+XZNetMethod.h */ = {isa = PBXFileReference; fileEncoding = 4; lastKnownFileType = sourcecode.c.h; path = "NSString+XZNetMethod.h"; sourceTree = "<group>"; };
		F88C13F21B00B64F0050DCD4 /* NSString+XZNetMethod.m */ = {isa = PBXFileReference; fileEncoding = 4; lastKnownFileType = sourcecode.c.objc; path = "NSString+XZNetMethod.m"; sourceTree = "<group>"; };
		F88C13F31B00B64F0050DCD4 /* NSURLRequest+XZNetMethod.h */ = {isa = PBXFileReference; fileEncoding = 4; lastKnownFileType = sourcecode.c.h; path = "NSURLRequest+XZNetMethod.h"; sourceTree = "<group>"; };
		F88C13F41B00B64F0050DCD4 /* NSURLRequest+XZNetMethod.m */ = {isa = PBXFileReference; fileEncoding = 4; lastKnownFileType = sourcecode.c.objc; path = "NSURLRequest+XZNetMethod.m"; sourceTree = "<group>"; };
		F88C13F51B00B64F0050DCD4 /* UIDevice+XZIdentifierAddition.h */ = {isa = PBXFileReference; fileEncoding = 4; lastKnownFileType = sourcecode.c.h; path = "UIDevice+XZIdentifierAddition.h"; sourceTree = "<group>"; };
		F88C13F61B00B64F0050DCD4 /* UIDevice+XZIdentifierAddition.m */ = {isa = PBXFileReference; fileEncoding = 4; lastKnownFileType = sourcecode.c.objc; path = "UIDevice+XZIdentifierAddition.m"; sourceTree = "<group>"; };
		F88C13F71B00B64F0050DCD4 /* XZRequestResponse+XZNetMethod.h */ = {isa = PBXFileReference; fileEncoding = 4; lastKnownFileType = sourcecode.c.h; path = "XZRequestResponse+XZNetMethod.h"; sourceTree = "<group>"; };
		F88C13F81B00B64F0050DCD4 /* XZRequestResponse+XZNetMethod.m */ = {isa = PBXFileReference; fileEncoding = 4; lastKnownFileType = sourcecode.c.objc; path = "XZRequestResponse+XZNetMethod.m"; sourceTree = "<group>"; };
		F88C13FA1B00B64F0050DCD4 /* XZAppContext.h */ = {isa = PBXFileReference; fileEncoding = 4; lastKnownFileType = sourcecode.c.h; path = XZAppContext.h; sourceTree = "<group>"; };
		F88C13FB1B00B64F0050DCD4 /* XZAppContext.m */ = {isa = PBXFileReference; fileEncoding = 4; lastKnownFileType = sourcecode.c.objc; path = XZAppContext.m; sourceTree = "<group>"; };
		F88C13FD1B00B64F0050DCD4 /* XZNetDebug.h */ = {isa = PBXFileReference; fileEncoding = 4; lastKnownFileType = sourcecode.c.h; path = XZNetDebug.h; sourceTree = "<group>"; };
		F88C13FE1B00B64F0050DCD4 /* XZNetDebug.m */ = {isa = PBXFileReference; fileEncoding = 4; lastKnownFileType = sourcecode.c.objc; path = XZNetDebug.m; sourceTree = "<group>"; };
		F88C14001B00B64F0050DCD4 /* XZMusicForBaidu.h */ = {isa = PBXFileReference; fileEncoding = 4; lastKnownFileType = sourcecode.c.h; path = XZMusicForBaidu.h; sourceTree = "<group>"; };
		F88C14011B00B64F0050DCD4 /* XZMusicForBaidu.m */ = {isa = PBXFileReference; fileEncoding = 4; lastKnownFileType = sourcecode.c.objc; path = XZMusicForBaidu.m; sourceTree = "<group>"; };
		F88C14021B00B64F0050DCD4 /* XZMusicForBaidu2.h */ = {isa = PBXFileReference; fileEncoding = 4; lastKnownFileType = sourcecode.c.h; path = XZMusicForBaidu2.h; sourceTree = "<group>"; };
		F88C14031B00B64F0050DCD4 /* XZMusicForBaidu2.m */ = {isa = PBXFileReference; fileEncoding = 4; lastKnownFileType = sourcecode.c.objc; path = XZMusicForBaidu2.m; sourceTree = "<group>"; };
		F88C14041B00B64F0050DCD4 /* XZMusicForWeibo.h */ = {isa = PBXFileReference; fileEncoding = 4; lastKnownFileType = sourcecode.c.h; path = XZMusicForWeibo.h; sourceTree = "<group>"; };
		F88C14051B00B64F0050DCD4 /* XZMusicForWeibo.m */ = {isa = PBXFileReference; fileEncoding = 4; lastKnownFileType = sourcecode.c.objc; path = XZMusicForWeibo.m; sourceTree = "<group>"; };
		F88C14061B00B64F0050DCD4 /* XZApiManager.h */ = {isa = PBXFileReference; fileEncoding = 4; lastKnownFileType = sourcecode.c.h; path = XZApiManager.h; sourceTree = "<group>"; };
		F88C14071B00B64F0050DCD4 /* XZApiManager.m */ = {isa = PBXFileReference; fileEncoding = 4; lastKnownFileType = sourcecode.c.objc; path = XZApiManager.m; sourceTree = "<group>"; };
		F88C140A1B00B64F0050DCD4 /* XZMusicForBaiduGet.h */ = {isa = PBXFileReference; fileEncoding = 4; lastKnownFileType = sourcecode.c.h; path = XZMusicForBaiduGet.h; sourceTree = "<group>"; };
		F88C140B1B00B64F0050DCD4 /* XZMusicForBaiduGet.m */ = {isa = PBXFileReference; fileEncoding = 4; lastKnownFileType = sourcecode.c.objc; path = XZMusicForBaiduGet.m; sourceTree = "<group>"; };
		F88C140C1B00B64F0050DCD4 /* XZMusicForBroker.h */ = {isa = PBXFileReference; fileEncoding = 4; lastKnownFileType = sourcecode.c.h; path = XZMusicForBroker.h; sourceTree = "<group>"; };
		F88C140D1B00B64F0050DCD4 /* XZMusicForBroker.m */ = {isa = PBXFileReference; fileEncoding = 4; lastKnownFileType = sourcecode.c.objc; path = XZMusicForBroker.m; sourceTree = "<group>"; };
		F88C140E1B00B64F0050DCD4 /* XZMusicForBrokerPost.h */ = {isa = PBXFileReference; fileEncoding = 4; lastKnownFileType = sourcecode.c.h; path = XZMusicForBrokerPost.h; sourceTree = "<group>"; };
		F88C140F1B00B64F0050DCD4 /* XZMusicForBrokerPost.m */ = {isa = PBXFileReference; fileEncoding = 4; lastKnownFileType = sourcecode.c.objc; path = XZMusicForBrokerPost.m; sourceTree = "<group>"; };
		F88C14101B00B64F0050DCD4 /* XZMusicForBrokerRest.h */ = {isa = PBXFileReference; fileEncoding = 4; lastKnownFileType = sourcecode.c.h; path = XZMusicForBrokerRest.h; sourceTree = "<group>"; };
		F88C14111B00B64F0050DCD4 /* XZMusicForBrokerRest.m */ = {isa = PBXFileReference; fileEncoding = 4; lastKnownFileType = sourcecode.c.objc; path = XZMusicForBrokerRest.m; sourceTree = "<group>"; };
		F88C14121B00B64F0050DCD4 /* XZNetService.h */ = {isa = PBXFileReference; fileEncoding = 4; lastKnownFileType = sourcecode.c.h; path = XZNetService.h; sourceTree = "<group>"; };
		F88C14131B00B64F0050DCD4 /* XZNetService.m */ = {isa = PBXFileReference; fileEncoding = 4; lastKnownFileType = sourcecode.c.objc; path = XZNetService.m; sourceTree = "<group>"; };
		F88C14141B00B64F0050DCD4 /* XZNetServiceFactory.h */ = {isa = PBXFileReference; fileEncoding = 4; lastKnownFileType = sourcecode.c.h; path = XZNetServiceFactory.h; sourceTree = "<group>"; };
		F88C14151B00B64F0050DCD4 /* XZNetServiceFactory.m */ = {isa = PBXFileReference; fileEncoding = 4; lastKnownFileType = sourcecode.c.objc; path = XZNetServiceFactory.m; sourceTree = "<group>"; };
		F88C14161B00B64F0050DCD4 /* XZNetWorkingHeader.h */ = {isa = PBXFileReference; fileEncoding = 4; lastKnownFileType = sourcecode.c.h; path = XZNetWorkingHeader.h; sourceTree = "<group>"; };
		F88C14171B00B64F0050DCD4 /* XZRequestGenerator.h */ = {isa = PBXFileReference; fileEncoding = 4; lastKnownFileType = sourcecode.c.h; path = XZRequestGenerator.h; sourceTree = "<group>"; };
		F88C14181B00B64F0050DCD4 /* XZRequestGenerator.m */ = {isa = PBXFileReference; fileEncoding = 4; lastKnownFileType = sourcecode.c.objc; path = XZRequestGenerator.m; sourceTree = "<group>"; };
		F88C14191B00B64F0050DCD4 /* XZRequestManager.h */ = {isa = PBXFileReference; fileEncoding = 4; lastKnownFileType = sourcecode.c.h; path = XZRequestManager.h; sourceTree = "<group>"; };
		F88C141A1B00B64F0050DCD4 /* XZRequestManager.m */ = {isa = PBXFileReference; fileEncoding = 4; lastKnownFileType = sourcecode.c.objc; path = XZRequestManager.m; sourceTree = "<group>"; };
		F88C141C1B00B64F0050DCD4 /* XZRequestResponse.h */ = {isa = PBXFileReference; fileEncoding = 4; lastKnownFileType = sourcecode.c.h; path = XZRequestResponse.h; sourceTree = "<group>"; };
		F88C141D1B00B64F0050DCD4 /* XZRequestResponse.m */ = {isa = PBXFileReference; fileEncoding = 4; lastKnownFileType = sourcecode.c.objc; path = XZRequestResponse.m; sourceTree = "<group>"; };
		F88C141F1B00B64F0050DCD4 /* XZSignatureGenerator.h */ = {isa = PBXFileReference; fileEncoding = 4; lastKnownFileType = sourcecode.c.h; path = XZSignatureGenerator.h; sourceTree = "<group>"; };
		F88C14201B00B64F0050DCD4 /* XZSignatureGenerator.m */ = {isa = PBXFileReference; fileEncoding = 4; lastKnownFileType = sourcecode.c.objc; path = XZSignatureGenerator.m; sourceTree = "<group>"; };
/* End PBXFileReference section */

/* Begin PBXFrameworksBuildPhase section */
		F83D5E0D1AF4A59600E6646D /* Frameworks */ = {
			isa = PBXFrameworksBuildPhase;
			buildActionMask = 2147483647;
			files = (
				F83D5EC01AF4A7AD00E6646D /* Foundation.framework in Frameworks */,
				F83D5EBE1AF4A7A200E6646D /* CoreGraphics.framework in Frameworks */,
				F83D5EBC1AF4A79300E6646D /* UIKit.framework in Frameworks */,
				FC199820A2F9E95C6B528FB1 /* libPods.a in Frameworks */,
			);
			runOnlyForDeploymentPostprocessing = 0;
		};
		F83D5E261AF4A59600E6646D /* Frameworks */ = {
			isa = PBXFrameworksBuildPhase;
			buildActionMask = 2147483647;
			files = (
			);
			runOnlyForDeploymentPostprocessing = 0;
		};
/* End PBXFrameworksBuildPhase section */

/* Begin PBXGroup section */
		1194E970C2632324A728C6DE /* Frameworks */ = {
			isa = PBXGroup;
			children = (
				F83D5EBF1AF4A7AD00E6646D /* Foundation.framework */,
				F83D5EBD1AF4A7A200E6646D /* CoreGraphics.framework */,
				F83D5EBB1AF4A79300E6646D /* UIKit.framework */,
				1B3DC42755C0BB7AC587273F /* libPods.a */,
			);
			name = Frameworks;
			sourceTree = "<group>";
		};
		39C55EC639C2F140E43764DF /* Pods */ = {
			isa = PBXGroup;
			children = (
				1C463987A967009CA7C01E8E /* Pods.debug.xcconfig */,
				6C5230D1CBCEA8C73F848235 /* Pods.release.xcconfig */,
			);
			name = Pods;
			sourceTree = "<group>";
		};
		F80550721B00B93A00A8DE49 /* View */ = {
			isa = PBXGroup;
			children = (
				F80550731B00B93A00A8DE49 /* AppDelegate.h */,
				F80550741B00B93A00A8DE49 /* AppDelegate.m */,
				F80550761B00B93A00A8DE49 /* ViewController.h */,
				F80550771B00B93A00A8DE49 /* ViewController.m */,
			);
			path = View;
			sourceTree = "<group>";
		};
		F83D5E071AF4A59600E6646D = {
			isa = PBXGroup;
			children = (
				F83D5E121AF4A59600E6646D /* XZNetworking */,
				F83D5E2C1AF4A59600E6646D /* XZNetworkingTests */,
				F83D5E111AF4A59600E6646D /* Products */,
				39C55EC639C2F140E43764DF /* Pods */,
				1194E970C2632324A728C6DE /* Frameworks */,
			);
			sourceTree = "<group>";
		};
		F83D5E111AF4A59600E6646D /* Products */ = {
			isa = PBXGroup;
			children = (
				F83D5E101AF4A59600E6646D /* XZNetworking.app */,
				F83D5E291AF4A59600E6646D /* XZNetworkingTests.xctest */,
			);
			name = Products;
			sourceTree = "<group>";
		};
		F83D5E121AF4A59600E6646D /* XZNetworking */ = {
			isa = PBXGroup;
			children = (
				F80550721B00B93A00A8DE49 /* View */,
				F88C13DC1B00B64F0050DCD4 /* XZNetworking */,
				F83D5E1D1AF4A59600E6646D /* Main.storyboard */,
				F83D5E201AF4A59600E6646D /* Images.xcassets */,
				F83D5E221AF4A59600E6646D /* LaunchScreen.xib */,
				F83D5E791AF4A70C00E6646D /* Images-2.xcassets */,
				F83D5E131AF4A59600E6646D /* Supporting Files */,
			);
			path = XZNetworking;
			sourceTree = "<group>";
		};
		F83D5E131AF4A59600E6646D /* Supporting Files */ = {
			isa = PBXGroup;
			children = (
				F80550701B00B93100A8DE49 /* main.m */,
				F83D5E141AF4A59600E6646D /* Info.plist */,
			);
			name = "Supporting Files";
			sourceTree = "<group>";
		};
		F83D5E2C1AF4A59600E6646D /* XZNetworkingTests */ = {
			isa = PBXGroup;
			children = (
				F83D5E2F1AF4A59600E6646D /* XZNetworkingTests.m */,
				F83D5E2D1AF4A59600E6646D /* Supporting Files */,
			);
			path = XZNetworkingTests;
			sourceTree = "<group>";
		};
		F83D5E2D1AF4A59600E6646D /* Supporting Files */ = {
			isa = PBXGroup;
			children = (
				F83D5E2E1AF4A59600E6646D /* Info.plist */,
			);
			name = "Supporting Files";
			sourceTree = "<group>";
		};
		F88C13DC1B00B64F0050DCD4 /* XZNetworking */ = {
			isa = PBXGroup;
			children = (
				F88C13DD1B00B64F0050DCD4 /* Assist */,
				F88C13E61B00B64F0050DCD4 /* Category */,
				F88C13F91B00B64F0050DCD4 /* Components */,
				F88C13FC1B00B64F0050DCD4 /* Debug */,
				F88C13FF1B00B64F0050DCD4 /* ServiceConfig */,
				F88C14061B00B64F0050DCD4 /* XZApiManager.h */,
				F88C14071B00B64F0050DCD4 /* XZApiManager.m */,
				F88C14081B00B64F0050DCD4 /* XZNetService */,
				F88C14161B00B64F0050DCD4 /* XZNetWorkingHeader.h */,
				F88C14171B00B64F0050DCD4 /* XZRequestGenerator.h */,
				F88C14181B00B64F0050DCD4 /* XZRequestGenerator.m */,
				F88C14191B00B64F0050DCD4 /* XZRequestManager.h */,
				F88C141A1B00B64F0050DCD4 /* XZRequestManager.m */,
				F88C141B1B00B64F0050DCD4 /* XZResponse */,
				F88C141E1B00B64F0050DCD4 /* XZSignatureGenerator */,
			);
			path = XZNetworking;
			sourceTree = "<group>";
		};
		F88C13DD1B00B64F0050DCD4 /* Assist */ = {
			isa = PBXGroup;
			children = (
				F88C13DE1B00B64F0050DCD4 /* XZDeviceInfo.h */,
				F88C13DF1B00B64F0050DCD4 /* XZDeviceInfo.m */,
				F88C13E01B00B64F0050DCD4 /* XZKeychain.h */,
				F88C13E11B00B64F0050DCD4 /* XZKeychain.m */,
				F88C13E21B00B64F0050DCD4 /* XZNetCommonParamsGenerator.h */,
				F88C13E31B00B64F0050DCD4 /* XZNetCommonParamsGenerator.m */,
				F88C13E41B00B64F0050DCD4 /* XZUDIDGenerator.h */,
				F88C13E51B00B64F0050DCD4 /* XZUDIDGenerator.m */,
			);
			path = Assist;
			sourceTree = "<group>";
		};
		F88C13E61B00B64F0050DCD4 /* Category */ = {
			isa = PBXGroup;
			children = (
				F88C13E71B00B64F0050DCD4 /* NSArray+XZNetMethod.h */,
				F88C13E81B00B64F0050DCD4 /* NSArray+XZNetMethod.m */,
				F88C13E91B00B64F0050DCD4 /* NSDictionary+XZNetMethod.h */,
				F88C13EA1B00B64F0050DCD4 /* NSDictionary+XZNetMethod.m */,
				F88C13EB1B00B64F0050DCD4 /* NSMutableString+XZNetMethod.h */,
				F88C13EC1B00B64F0050DCD4 /* NSMutableString+XZNetMethod.m */,
				F88C13ED1B00B64F0050DCD4 /* NSObject+XZNetMethod.h */,
				F88C13EE1B00B64F0050DCD4 /* NSObject+XZNetMethod.m */,
				F88C13EF1B00B64F0050DCD4 /* NSString+MD5Addition.h */,
				F88C13F01B00B64F0050DCD4 /* NSString+MD5Addition.m */,
				F88C13F11B00B64F0050DCD4 /* NSString+XZNetMethod.h */,
				F88C13F21B00B64F0050DCD4 /* NSString+XZNetMethod.m */,
				F88C13F31B00B64F0050DCD4 /* NSURLRequest+XZNetMethod.h */,
				F88C13F41B00B64F0050DCD4 /* NSURLRequest+XZNetMethod.m */,
				F88C13F51B00B64F0050DCD4 /* UIDevice+XZIdentifierAddition.h */,
				F88C13F61B00B64F0050DCD4 /* UIDevice+XZIdentifierAddition.m */,
				F88C13F71B00B64F0050DCD4 /* XZRequestResponse+XZNetMethod.h */,
				F88C13F81B00B64F0050DCD4 /* XZRequestResponse+XZNetMethod.m */,
			);
			path = Category;
			sourceTree = "<group>";
		};
		F88C13F91B00B64F0050DCD4 /* Components */ = {
			isa = PBXGroup;
			children = (
				F88C13FA1B00B64F0050DCD4 /* XZAppContext.h */,
				F88C13FB1B00B64F0050DCD4 /* XZAppContext.m */,
			);
			path = Components;
			sourceTree = "<group>";
		};
		F88C13FC1B00B64F0050DCD4 /* Debug */ = {
			isa = PBXGroup;
			children = (
				F88C13FD1B00B64F0050DCD4 /* XZNetDebug.h */,
				F88C13FE1B00B64F0050DCD4 /* XZNetDebug.m */,
			);
			path = Debug;
			sourceTree = "<group>";
		};
		F88C13FF1B00B64F0050DCD4 /* ServiceConfig */ = {
			isa = PBXGroup;
			children = (
				F88C14001B00B64F0050DCD4 /* XZMusicForBaidu.h */,
				F88C14011B00B64F0050DCD4 /* XZMusicForBaidu.m */,
				F88C14021B00B64F0050DCD4 /* XZMusicForBaidu2.h */,
				F88C14031B00B64F0050DCD4 /* XZMusicForBaidu2.m */,
				F88C14041B00B64F0050DCD4 /* XZMusicForWeibo.h */,
				F88C14051B00B64F0050DCD4 /* XZMusicForWeibo.m */,
			);
			path = ServiceConfig;
			sourceTree = "<group>";
		};
		F88C14081B00B64F0050DCD4 /* XZNetService */ = {
			isa = PBXGroup;
			children = (
				F88C14091B00B64F0050DCD4 /* ServiceConfig */,
				F88C14121B00B64F0050DCD4 /* XZNetService.h */,
				F88C14131B00B64F0050DCD4 /* XZNetService.m */,
				F88C14141B00B64F0050DCD4 /* XZNetServiceFactory.h */,
				F88C14151B00B64F0050DCD4 /* XZNetServiceFactory.m */,
			);
			path = XZNetService;
			sourceTree = "<group>";
		};
		F88C14091B00B64F0050DCD4 /* ServiceConfig */ = {
			isa = PBXGroup;
			children = (
				F88C140A1B00B64F0050DCD4 /* XZMusicForBaiduGet.h */,
				F88C140B1B00B64F0050DCD4 /* XZMusicForBaiduGet.m */,
				F88C140C1B00B64F0050DCD4 /* XZMusicForBroker.h */,
				F88C140D1B00B64F0050DCD4 /* XZMusicForBroker.m */,
				F88C140E1B00B64F0050DCD4 /* XZMusicForBrokerPost.h */,
				F88C140F1B00B64F0050DCD4 /* XZMusicForBrokerPost.m */,
				F88C14101B00B64F0050DCD4 /* XZMusicForBrokerRest.h */,
				F88C14111B00B64F0050DCD4 /* XZMusicForBrokerRest.m */,
			);
			path = ServiceConfig;
			sourceTree = "<group>";
		};
		F88C141B1B00B64F0050DCD4 /* XZResponse */ = {
			isa = PBXGroup;
			children = (
				F88C141C1B00B64F0050DCD4 /* XZRequestResponse.h */,
				F88C141D1B00B64F0050DCD4 /* XZRequestResponse.m */,
			);
			path = XZResponse;
			sourceTree = "<group>";
		};
		F88C141E1B00B64F0050DCD4 /* XZSignatureGenerator */ = {
			isa = PBXGroup;
			children = (
				F88C141F1B00B64F0050DCD4 /* XZSignatureGenerator.h */,
				F88C14201B00B64F0050DCD4 /* XZSignatureGenerator.m */,
			);
			path = XZSignatureGenerator;
			sourceTree = "<group>";
		};
/* End PBXGroup section */

/* Begin PBXNativeTarget section */
		F83D5E0F1AF4A59600E6646D /* XZNetworking */ = {
			isa = PBXNativeTarget;
			buildConfigurationList = F83D5E331AF4A59600E6646D /* Build configuration list for PBXNativeTarget "XZNetworking" */;
			buildPhases = (
				1D0E7B8DCB22DAA6146C18DF /* Check Pods Manifest.lock */,
				F83D5E0C1AF4A59600E6646D /* Sources */,
				F83D5E0D1AF4A59600E6646D /* Frameworks */,
				F83D5E0E1AF4A59600E6646D /* Resources */,
				BAE19B556ADD3F3FB2F63ED6 /* Copy Pods Resources */,
			);
			buildRules = (
			);
			dependencies = (
			);
			name = XZNetworking;
			productName = XZNetworking;
			productReference = F83D5E101AF4A59600E6646D /* XZNetworking.app */;
			productType = "com.apple.product-type.application";
		};
		F83D5E281AF4A59600E6646D /* XZNetworkingTests */ = {
			isa = PBXNativeTarget;
			buildConfigurationList = F83D5E361AF4A59600E6646D /* Build configuration list for PBXNativeTarget "XZNetworkingTests" */;
			buildPhases = (
				F83D5E251AF4A59600E6646D /* Sources */,
				F83D5E261AF4A59600E6646D /* Frameworks */,
				F83D5E271AF4A59600E6646D /* Resources */,
			);
			buildRules = (
			);
			dependencies = (
				F83D5E2B1AF4A59600E6646D /* PBXTargetDependency */,
			);
			name = XZNetworkingTests;
			productName = XZNetworkingTests;
			productReference = F83D5E291AF4A59600E6646D /* XZNetworkingTests.xctest */;
			productType = "com.apple.product-type.bundle.unit-test";
		};
/* End PBXNativeTarget section */

/* Begin PBXProject section */
		F83D5E081AF4A59600E6646D /* Project object */ = {
			isa = PBXProject;
			attributes = {
				LastUpgradeCheck = 0630;
				ORGANIZATIONNAME = xiazer;
				TargetAttributes = {
					F83D5E0F1AF4A59600E6646D = {
						CreatedOnToolsVersion = 6.3;
					};
					F83D5E281AF4A59600E6646D = {
						CreatedOnToolsVersion = 6.3;
						TestTargetID = F83D5E0F1AF4A59600E6646D;
					};
				};
			};
			buildConfigurationList = F83D5E0B1AF4A59600E6646D /* Build configuration list for PBXProject "XZNetworking" */;
			compatibilityVersion = "Xcode 3.2";
			developmentRegion = English;
			hasScannedForEncodings = 0;
			knownRegions = (
				en,
				Base,
			);
			mainGroup = F83D5E071AF4A59600E6646D;
			productRefGroup = F83D5E111AF4A59600E6646D /* Products */;
			projectDirPath = "";
			projectRoot = "";
			targets = (
				F83D5E0F1AF4A59600E6646D /* XZNetworking */,
				F83D5E281AF4A59600E6646D /* XZNetworkingTests */,
			);
		};
/* End PBXProject section */

/* Begin PBXResourcesBuildPhase section */
		F83D5E0E1AF4A59600E6646D /* Resources */ = {
			isa = PBXResourcesBuildPhase;
			buildActionMask = 2147483647;
			files = (
				F83D5E1F1AF4A59600E6646D /* Main.storyboard in Resources */,
				F83D5E241AF4A59600E6646D /* LaunchScreen.xib in Resources */,
				F83D5E7A1AF4A70C00E6646D /* Images-2.xcassets in Resources */,
				F83D5E211AF4A59600E6646D /* Images.xcassets in Resources */,
			);
			runOnlyForDeploymentPostprocessing = 0;
		};
		F83D5E271AF4A59600E6646D /* Resources */ = {
			isa = PBXResourcesBuildPhase;
			buildActionMask = 2147483647;
			files = (
			);
			runOnlyForDeploymentPostprocessing = 0;
		};
/* End PBXResourcesBuildPhase section */

/* Begin PBXShellScriptBuildPhase section */
		1D0E7B8DCB22DAA6146C18DF /* Check Pods Manifest.lock */ = {
			isa = PBXShellScriptBuildPhase;
			buildActionMask = 2147483647;
			files = (
			);
			inputPaths = (
			);
			name = "Check Pods Manifest.lock";
			outputPaths = (
			);
			runOnlyForDeploymentPostprocessing = 0;
			shellPath = /bin/sh;
			shellScript = "diff \"${PODS_ROOT}/../Podfile.lock\" \"${PODS_ROOT}/Manifest.lock\" > /dev/null\nif [[ $? != 0 ]] ; then\n    cat << EOM\nerror: The sandbox is not in sync with the Podfile.lock. Run 'pod install' or update your CocoaPods installation.\nEOM\n    exit 1\nfi\n";
			showEnvVarsInLog = 0;
		};
		BAE19B556ADD3F3FB2F63ED6 /* Copy Pods Resources */ = {
			isa = PBXShellScriptBuildPhase;
			buildActionMask = 2147483647;
			files = (
			);
			inputPaths = (
			);
			name = "Copy Pods Resources";
			outputPaths = (
			);
			runOnlyForDeploymentPostprocessing = 0;
			shellPath = /bin/sh;
			shellScript = "\"${SRCROOT}/Pods/Target Support Files/Pods/Pods-resources.sh\"\n";
			showEnvVarsInLog = 0;
		};
/* End PBXShellScriptBuildPhase section */

/* Begin PBXSourcesBuildPhase section */
		F83D5E0C1AF4A59600E6646D /* Sources */ = {
			isa = PBXSourcesBuildPhase;
			buildActionMask = 2147483647;
			files = (
				F88C14281B00B64F0050DCD4 /* NSObject+XZNetMethod.m in Sources */,
				F88C14381B00B64F0050DCD4 /* XZNetService.m in Sources */,
				F88C14301B00B64F0050DCD4 /* XZMusicForBaidu.m in Sources */,
				F88C14271B00B64F0050DCD4 /* NSMutableString+XZNetMethod.m in Sources */,
				F88C142C1B00B64F0050DCD4 /* UIDevice+XZIdentifierAddition.m in Sources */,
				F88C142A1B00B64F0050DCD4 /* NSString+XZNetMethod.m in Sources */,
				F88C143C1B00B64F0050DCD4 /* XZRequestResponse.m in Sources */,
				F88C14241B00B64F0050DCD4 /* XZUDIDGenerator.m in Sources */,
				F88C14371B00B64F0050DCD4 /* XZMusicForBrokerRest.m in Sources */,
				F88C14361B00B64F0050DCD4 /* XZMusicForBrokerPost.m in Sources */,
				F80550711B00B93100A8DE49 /* main.m in Sources */,
				F88C14331B00B64F0050DCD4 /* XZApiManager.m in Sources */,
				F88C14341B00B64F0050DCD4 /* XZMusicForBaiduGet.m in Sources */,
				F88C143B1B00B64F0050DCD4 /* XZRequestManager.m in Sources */,
				F88C14221B00B64F0050DCD4 /* XZKeychain.m in Sources */,
				F88C14261B00B64F0050DCD4 /* NSDictionary+XZNetMethod.m in Sources */,
				F88C14351B00B64F0050DCD4 /* XZMusicForBroker.m in Sources */,
				F88C14311B00B64F0050DCD4 /* XZMusicForBaidu2.m in Sources */,
				F88C142D1B00B64F0050DCD4 /* XZRequestResponse+XZNetMethod.m in Sources */,
				F88C143A1B00B64F0050DCD4 /* XZRequestGenerator.m in Sources */,
				F88C142F1B00B64F0050DCD4 /* XZNetDebug.m in Sources */,
				F88C142E1B00B64F0050DCD4 /* XZAppContext.m in Sources */,
				F88C142B1B00B64F0050DCD4 /* NSURLRequest+XZNetMethod.m in Sources */,
				F80550781B00B93A00A8DE49 /* AppDelegate.m in Sources */,
				F88C14251B00B64F0050DCD4 /* NSArray+XZNetMethod.m in Sources */,
				F88C14231B00B64F0050DCD4 /* XZNetCommonParamsGenerator.m in Sources */,
				F805507A1B00B93A00A8DE49 /* ViewController.m in Sources */,
				F88C14291B00B64F0050DCD4 /* NSString+MD5Addition.m in Sources */,
				F88C143D1B00B64F0050DCD4 /* XZSignatureGenerator.m in Sources */,
				F88C14211B00B64F0050DCD4 /* XZDeviceInfo.m in Sources */,
				F88C14391B00B64F0050DCD4 /* XZNetServiceFactory.m in Sources */,
				F88C14321B00B64F0050DCD4 /* XZMusicForWeibo.m in Sources */,
			);
			runOnlyForDeploymentPostprocessing = 0;
		};
		F83D5E251AF4A59600E6646D /* Sources */ = {
			isa = PBXSourcesBuildPhase;
			buildActionMask = 2147483647;
			files = (
				F83D5E301AF4A59600E6646D /* XZNetworkingTests.m in Sources */,
			);
			runOnlyForDeploymentPostprocessing = 0;
		};
/* End PBXSourcesBuildPhase section */

/* Begin PBXTargetDependency section */
		F83D5E2B1AF4A59600E6646D /* PBXTargetDependency */ = {
			isa = PBXTargetDependency;
			target = F83D5E0F1AF4A59600E6646D /* XZNetworking */;
			targetProxy = F83D5E2A1AF4A59600E6646D /* PBXContainerItemProxy */;
		};
/* End PBXTargetDependency section */

/* Begin PBXVariantGroup section */
		F83D5E1D1AF4A59600E6646D /* Main.storyboard */ = {
			isa = PBXVariantGroup;
			children = (
				F83D5E1E1AF4A59600E6646D /* Base */,
			);
			name = Main.storyboard;
			sourceTree = "<group>";
		};
		F83D5E221AF4A59600E6646D /* LaunchScreen.xib */ = {
			isa = PBXVariantGroup;
			children = (
				F83D5E231AF4A59600E6646D /* Base */,
			);
			name = LaunchScreen.xib;
			sourceTree = "<group>";
		};
/* End PBXVariantGroup section */

/* Begin XCBuildConfiguration section */
		F83D5E311AF4A59600E6646D /* Debug */ = {
			isa = XCBuildConfiguration;
			buildSettings = {
				ALWAYS_SEARCH_USER_PATHS = NO;
				CLANG_CXX_LANGUAGE_STANDARD = "gnu++0x";
				CLANG_CXX_LIBRARY = "libc++";
				CLANG_ENABLE_MODULES = YES;
				CLANG_ENABLE_OBJC_ARC = YES;
				CLANG_WARN_BOOL_CONVERSION = YES;
				CLANG_WARN_CONSTANT_CONVERSION = YES;
				CLANG_WARN_DIRECT_OBJC_ISA_USAGE = YES_ERROR;
				CLANG_WARN_EMPTY_BODY = YES;
				CLANG_WARN_ENUM_CONVERSION = YES;
				CLANG_WARN_INT_CONVERSION = YES;
				CLANG_WARN_OBJC_ROOT_CLASS = YES_ERROR;
				CLANG_WARN_UNREACHABLE_CODE = YES;
				CLANG_WARN__DUPLICATE_METHOD_MATCH = YES;
				"CODE_SIGN_IDENTITY[sdk=iphoneos*]" = "iPhone Developer";
				COPY_PHASE_STRIP = NO;
				DEBUG_INFORMATION_FORMAT = "dwarf-with-dsym";
				ENABLE_STRICT_OBJC_MSGSEND = YES;
				GCC_C_LANGUAGE_STANDARD = gnu99;
				GCC_DYNAMIC_NO_PIC = NO;
				GCC_NO_COMMON_BLOCKS = YES;
				GCC_OPTIMIZATION_LEVEL = 0;
				GCC_PREPROCESSOR_DEFINITIONS = (
					"DEBUG=1",
					"$(inherited)",
				);
				GCC_SYMBOLS_PRIVATE_EXTERN = NO;
				GCC_WARN_64_TO_32_BIT_CONVERSION = YES;
				GCC_WARN_ABOUT_RETURN_TYPE = YES_ERROR;
				GCC_WARN_UNDECLARED_SELECTOR = YES;
				GCC_WARN_UNINITIALIZED_AUTOS = YES_AGGRESSIVE;
				GCC_WARN_UNUSED_FUNCTION = YES;
				GCC_WARN_UNUSED_VARIABLE = YES;
				IPHONEOS_DEPLOYMENT_TARGET = 8.3;
				MTL_ENABLE_DEBUG_INFO = YES;
				ONLY_ACTIVE_ARCH = YES;
				SDKROOT = iphoneos;
			};
			name = Debug;
		};
		F83D5E321AF4A59600E6646D /* Release */ = {
			isa = XCBuildConfiguration;
			buildSettings = {
				ALWAYS_SEARCH_USER_PATHS = NO;
				CLANG_CXX_LANGUAGE_STANDARD = "gnu++0x";
				CLANG_CXX_LIBRARY = "libc++";
				CLANG_ENABLE_MODULES = YES;
				CLANG_ENABLE_OBJC_ARC = YES;
				CLANG_WARN_BOOL_CONVERSION = YES;
				CLANG_WARN_CONSTANT_CONVERSION = YES;
				CLANG_WARN_DIRECT_OBJC_ISA_USAGE = YES_ERROR;
				CLANG_WARN_EMPTY_BODY = YES;
				CLANG_WARN_ENUM_CONVERSION = YES;
				CLANG_WARN_INT_CONVERSION = YES;
				CLANG_WARN_OBJC_ROOT_CLASS = YES_ERROR;
				CLANG_WARN_UNREACHABLE_CODE = YES;
				CLANG_WARN__DUPLICATE_METHOD_MATCH = YES;
				"CODE_SIGN_IDENTITY[sdk=iphoneos*]" = "iPhone Developer";
				COPY_PHASE_STRIP = NO;
				DEBUG_INFORMATION_FORMAT = "dwarf-with-dsym";
				ENABLE_NS_ASSERTIONS = NO;
				ENABLE_STRICT_OBJC_MSGSEND = YES;
				GCC_C_LANGUAGE_STANDARD = gnu99;
				GCC_NO_COMMON_BLOCKS = YES;
				GCC_WARN_64_TO_32_BIT_CONVERSION = YES;
				GCC_WARN_ABOUT_RETURN_TYPE = YES_ERROR;
				GCC_WARN_UNDECLARED_SELECTOR = YES;
				GCC_WARN_UNINITIALIZED_AUTOS = YES_AGGRESSIVE;
				GCC_WARN_UNUSED_FUNCTION = YES;
				GCC_WARN_UNUSED_VARIABLE = YES;
				IPHONEOS_DEPLOYMENT_TARGET = 8.3;
				MTL_ENABLE_DEBUG_INFO = NO;
				SDKROOT = iphoneos;
				VALIDATE_PRODUCT = YES;
			};
			name = Release;
		};
		F83D5E341AF4A59600E6646D /* Debug */ = {
			isa = XCBuildConfiguration;
			baseConfigurationReference = 1C463987A967009CA7C01E8E /* Pods.debug.xcconfig */;
			buildSettings = {
				ASSETCATALOG_COMPILER_APPICON_NAME = AppIcon;
				ASSETCATALOG_COMPILER_LAUNCHIMAGE_NAME = LaunchImage;
				INFOPLIST_FILE = XZNetworking/Info.plist;
				IPHONEOS_DEPLOYMENT_TARGET = 6.0;
				LD_RUNPATH_SEARCH_PATHS = "$(inherited) @executable_path/Frameworks";
				PRODUCT_NAME = "$(TARGET_NAME)";
			};
			name = Debug;
		};
		F83D5E351AF4A59600E6646D /* Release */ = {
			isa = XCBuildConfiguration;
			baseConfigurationReference = 6C5230D1CBCEA8C73F848235 /* Pods.release.xcconfig */;
			buildSettings = {
				ASSETCATALOG_COMPILER_APPICON_NAME = AppIcon;
				ASSETCATALOG_COMPILER_LAUNCHIMAGE_NAME = LaunchImage;
				INFOPLIST_FILE = XZNetworking/Info.plist;
				IPHONEOS_DEPLOYMENT_TARGET = 6.0;
				LD_RUNPATH_SEARCH_PATHS = "$(inherited) @executable_path/Frameworks";
				PRODUCT_NAME = "$(TARGET_NAME)";
			};
			name = Release;
		};
		F83D5E371AF4A59600E6646D /* Debug */ = {
			isa = XCBuildConfiguration;
			buildSettings = {
				BUNDLE_LOADER = "$(TEST_HOST)";
				FRAMEWORK_SEARCH_PATHS = (
					"$(SDKROOT)/Developer/Library/Frameworks",
					"$(inherited)",
				);
				GCC_PREPROCESSOR_DEFINITIONS = (
					"DEBUG=1",
					"$(inherited)",
				);
				INFOPLIST_FILE = XZNetworkingTests/Info.plist;
				LD_RUNPATH_SEARCH_PATHS = "$(inherited) @executable_path/Frameworks @loader_path/Frameworks";
				PRODUCT_NAME = "$(TARGET_NAME)";
				TEST_HOST = "$(BUILT_PRODUCTS_DIR)/XZNetworking.app/XZNetworking";
			};
			name = Debug;
		};
		F83D5E381AF4A59600E6646D /* Release */ = {
			isa = XCBuildConfiguration;
			buildSettings = {
				BUNDLE_LOADER = "$(TEST_HOST)";
				FRAMEWORK_SEARCH_PATHS = (
					"$(SDKROOT)/Developer/Library/Frameworks",
					"$(inherited)",
				);
				INFOPLIST_FILE = XZNetworkingTests/Info.plist;
				LD_RUNPATH_SEARCH_PATHS = "$(inherited) @executable_path/Frameworks @loader_path/Frameworks";
				PRODUCT_NAME = "$(TARGET_NAME)";
				TEST_HOST = "$(BUILT_PRODUCTS_DIR)/XZNetworking.app/XZNetworking";
			};
			name = Release;
		};
/* End XCBuildConfiguration section */

/* Begin XCConfigurationList section */
		F83D5E0B1AF4A59600E6646D /* Build configuration list for PBXProject "XZNetworking" */ = {
			isa = XCConfigurationList;
			buildConfigurations = (
				F83D5E311AF4A59600E6646D /* Debug */,
				F83D5E321AF4A59600E6646D /* Release */,
			);
			defaultConfigurationIsVisible = 0;
			defaultConfigurationName = Release;
		};
		F83D5E331AF4A59600E6646D /* Build configuration list for PBXNativeTarget "XZNetworking" */ = {
			isa = XCConfigurationList;
			buildConfigurations = (
				F83D5E341AF4A59600E6646D /* Debug */,
				F83D5E351AF4A59600E6646D /* Release */,
			);
			defaultConfigurationIsVisible = 0;
			defaultConfigurationName = Release;
		};
		F83D5E361AF4A59600E6646D /* Build configuration list for PBXNativeTarget "XZNetworkingTests" */ = {
			isa = XCConfigurationList;
			buildConfigurations = (
				F83D5E371AF4A59600E6646D /* Debug */,
				F83D5E381AF4A59600E6646D /* Release */,
			);
			defaultConfigurationIsVisible = 0;
			defaultConfigurationName = Release;
		};
/* End XCConfigurationList section */
	};
	rootObject = F83D5E081AF4A59600E6646D /* Project object */;
}
